// !$*UTF8*$!
{
	archiveVersion = 1;
	classes = {
	};
	objectVersion = 50;
	objects = {

/* Begin PBXBuildFile section */
		F3A8AE8925BF4A10001AD4D9 /* AppDelegate.swift in Sources */ = {isa = PBXBuildFile; fileRef = F3A8AE8825BF4A10001AD4D9 /* AppDelegate.swift */; };
		F3A8AE8B25BF4A10001AD4D9 /* SceneDelegate.swift in Sources */ = {isa = PBXBuildFile; fileRef = F3A8AE8A25BF4A10001AD4D9 /* SceneDelegate.swift */; };
		F3A8AE8D25BF4A10001AD4D9 /* ViewController.swift in Sources */ = {isa = PBXBuildFile; fileRef = F3A8AE8C25BF4A10001AD4D9 /* ViewController.swift */; };
		F3A8AE9025BF4A10001AD4D9 /* Main.storyboard in Resources */ = {isa = PBXBuildFile; fileRef = F3A8AE8E25BF4A10001AD4D9 /* Main.storyboard */; };
		F3A8AE9225BF4A11001AD4D9 /* Assets.xcassets in Resources */ = {isa = PBXBuildFile; fileRef = F3A8AE9125BF4A11001AD4D9 /* Assets.xcassets */; };
		F3A8AE9525BF4A11001AD4D9 /* LaunchScreen.storyboard in Resources */ = {isa = PBXBuildFile; fileRef = F3A8AE9325BF4A11001AD4D9 /* LaunchScreen.storyboard */; };
		F3A8AE9A25BF4A11001AD4D9 /* Project6 WatchKit App.app in Embed Watch Content */ = {isa = PBXBuildFile; fileRef = F3A8AE9925BF4A11001AD4D9 /* Project6 WatchKit App.app */; settings = {ATTRIBUTES = (RemoveHeadersOnCopy, ); }; };
		F3A8AEA025BF4A11001AD4D9 /* Interface.storyboard in Resources */ = {isa = PBXBuildFile; fileRef = F3A8AE9E25BF4A11001AD4D9 /* Interface.storyboard */; };
		F3A8AEA225BF4A11001AD4D9 /* Assets.xcassets in Resources */ = {isa = PBXBuildFile; fileRef = F3A8AEA125BF4A11001AD4D9 /* Assets.xcassets */; };
		F3A8AEA925BF4A11001AD4D9 /* Project6 WatchKit Extension.appex in Embed App Extensions */ = {isa = PBXBuildFile; fileRef = F3A8AEA825BF4A11001AD4D9 /* Project6 WatchKit Extension.appex */; settings = {ATTRIBUTES = (RemoveHeadersOnCopy, ); }; };
		F3A8AEAE25BF4A11001AD4D9 /* InterfaceController.swift in Sources */ = {isa = PBXBuildFile; fileRef = F3A8AEAD25BF4A11001AD4D9 /* InterfaceController.swift */; };
		F3A8AEB025BF4A11001AD4D9 /* ExtensionDelegate.swift in Sources */ = {isa = PBXBuildFile; fileRef = F3A8AEAF25BF4A11001AD4D9 /* ExtensionDelegate.swift */; };
		F3A8AEB225BF4A11001AD4D9 /* ComplicationController.swift in Sources */ = {isa = PBXBuildFile; fileRef = F3A8AEB125BF4A11001AD4D9 /* ComplicationController.swift */; };
		F3A8AEB425BF4A12001AD4D9 /* Assets.xcassets in Resources */ = {isa = PBXBuildFile; fileRef = F3A8AEB325BF4A12001AD4D9 /* Assets.xcassets */; };
/* End PBXBuildFile section */

/* Begin PBXContainerItemProxy section */
		F3A8AE9B25BF4A11001AD4D9 /* PBXContainerItemProxy */ = {
			isa = PBXContainerItemProxy;
			containerPortal = F3A8AE7D25BF4A0F001AD4D9 /* Project object */;
			proxyType = 1;
			remoteGlobalIDString = F3A8AE9825BF4A11001AD4D9;
			remoteInfo = "Project6 WatchKit App";
		};
		F3A8AEAA25BF4A11001AD4D9 /* PBXContainerItemProxy */ = {
			isa = PBXContainerItemProxy;
			containerPortal = F3A8AE7D25BF4A0F001AD4D9 /* Project object */;
			proxyType = 1;
			remoteGlobalIDString = F3A8AEA725BF4A11001AD4D9;
			remoteInfo = "Project6 WatchKit Extension";
		};
/* End PBXContainerItemProxy section */

/* Begin PBXCopyFilesBuildPhase section */
		F3A8AEBB25BF4A12001AD4D9 /* Embed App Extensions */ = {
			isa = PBXCopyFilesBuildPhase;
			buildActionMask = 2147483647;
			dstPath = "";
			dstSubfolderSpec = 13;
			files = (
				F3A8AEA925BF4A11001AD4D9 /* Project6 WatchKit Extension.appex in Embed App Extensions */,
			);
			name = "Embed App Extensions";
			runOnlyForDeploymentPostprocessing = 0;
		};
		F3A8AEBF25BF4A12001AD4D9 /* Embed Watch Content */ = {
			isa = PBXCopyFilesBuildPhase;
			buildActionMask = 2147483647;
			dstPath = "$(CONTENTS_FOLDER_PATH)/Watch";
			dstSubfolderSpec = 16;
			files = (
				F3A8AE9A25BF4A11001AD4D9 /* Project6 WatchKit App.app in Embed Watch Content */,
			);
			name = "Embed Watch Content";
			runOnlyForDeploymentPostprocessing = 0;
		};
/* End PBXCopyFilesBuildPhase section */

/* Begin PBXFileReference section */
		F3A8AE8525BF4A10001AD4D9 /* Project6.app */ = {isa = PBXFileReference; explicitFileType = wrapper.application; includeInIndex = 0; path = Project6.app; sourceTree = BUILT_PRODUCTS_DIR; };
		F3A8AE8825BF4A10001AD4D9 /* AppDelegate.swift */ = {isa = PBXFileReference; lastKnownFileType = sourcecode.swift; path = AppDelegate.swift; sourceTree = "<group>"; };
		F3A8AE8A25BF4A10001AD4D9 /* SceneDelegate.swift */ = {isa = PBXFileReference; lastKnownFileType = sourcecode.swift; path = SceneDelegate.swift; sourceTree = "<group>"; };
		F3A8AE8C25BF4A10001AD4D9 /* ViewController.swift */ = {isa = PBXFileReference; lastKnownFileType = sourcecode.swift; path = ViewController.swift; sourceTree = "<group>"; };
		F3A8AE8F25BF4A10001AD4D9 /* Base */ = {isa = PBXFileReference; lastKnownFileType = file.storyboard; name = Base; path = Base.lproj/Main.storyboard; sourceTree = "<group>"; };
		F3A8AE9125BF4A11001AD4D9 /* Assets.xcassets */ = {isa = PBXFileReference; lastKnownFileType = folder.assetcatalog; path = Assets.xcassets; sourceTree = "<group>"; };
		F3A8AE9425BF4A11001AD4D9 /* Base */ = {isa = PBXFileReference; lastKnownFileType = file.storyboard; name = Base; path = Base.lproj/LaunchScreen.storyboard; sourceTree = "<group>"; };
		F3A8AE9625BF4A11001AD4D9 /* Info.plist */ = {isa = PBXFileReference; lastKnownFileType = text.plist.xml; path = Info.plist; sourceTree = "<group>"; };
		F3A8AE9925BF4A11001AD4D9 /* Project6 WatchKit App.app */ = {isa = PBXFileReference; explicitFileType = wrapper.application; includeInIndex = 0; path = "Project6 WatchKit App.app"; sourceTree = BUILT_PRODUCTS_DIR; };
		F3A8AE9F25BF4A11001AD4D9 /* Base */ = {isa = PBXFileReference; lastKnownFileType = file.storyboard; name = Base; path = Base.lproj/Interface.storyboard; sourceTree = "<group>"; };
		F3A8AEA125BF4A11001AD4D9 /* Assets.xcassets */ = {isa = PBXFileReference; lastKnownFileType = folder.assetcatalog; path = Assets.xcassets; sourceTree = "<group>"; };
		F3A8AEA325BF4A11001AD4D9 /* Info.plist */ = {isa = PBXFileReference; lastKnownFileType = text.plist.xml; path = Info.plist; sourceTree = "<group>"; };
		F3A8AEA825BF4A11001AD4D9 /* Project6 WatchKit Extension.appex */ = {isa = PBXFileReference; explicitFileType = "wrapper.app-extension"; includeInIndex = 0; path = "Project6 WatchKit Extension.appex"; sourceTree = BUILT_PRODUCTS_DIR; };
		F3A8AEAD25BF4A11001AD4D9 /* InterfaceController.swift */ = {isa = PBXFileReference; lastKnownFileType = sourcecode.swift; path = InterfaceController.swift; sourceTree = "<group>"; };
		F3A8AEAF25BF4A11001AD4D9 /* ExtensionDelegate.swift */ = {isa = PBXFileReference; lastKnownFileType = sourcecode.swift; path = ExtensionDelegate.swift; sourceTree = "<group>"; };
		F3A8AEB125BF4A11001AD4D9 /* ComplicationController.swift */ = {isa = PBXFileReference; lastKnownFileType = sourcecode.swift; path = ComplicationController.swift; sourceTree = "<group>"; };
		F3A8AEB325BF4A12001AD4D9 /* Assets.xcassets */ = {isa = PBXFileReference; lastKnownFileType = folder.assetcatalog; path = Assets.xcassets; sourceTree = "<group>"; };
		F3A8AEB525BF4A12001AD4D9 /* Info.plist */ = {isa = PBXFileReference; lastKnownFileType = text.plist.xml; path = Info.plist; sourceTree = "<group>"; };
/* End PBXFileReference section */

/* Begin PBXFrameworksBuildPhase section */
		F3A8AE8225BF4A0F001AD4D9 /* Frameworks */ = {
			isa = PBXFrameworksBuildPhase;
			buildActionMask = 2147483647;
			files = (
			);
			runOnlyForDeploymentPostprocessing = 0;
		};
		F3A8AEA525BF4A11001AD4D9 /* Frameworks */ = {
			isa = PBXFrameworksBuildPhase;
			buildActionMask = 2147483647;
			files = (
			);
			runOnlyForDeploymentPostprocessing = 0;
		};
/* End PBXFrameworksBuildPhase section */

/* Begin PBXGroup section */
		F3A8AE7C25BF4A0F001AD4D9 = {
			isa = PBXGroup;
			children = (
				F3A8AE8725BF4A10001AD4D9 /* Project6 */,
				F3A8AE9D25BF4A11001AD4D9 /* Project6 WatchKit App */,
				F3A8AEAC25BF4A11001AD4D9 /* Project6 WatchKit Extension */,
				F3A8AE8625BF4A10001AD4D9 /* Products */,
			);
			sourceTree = "<group>";
		};
		F3A8AE8625BF4A10001AD4D9 /* Products */ = {
			isa = PBXGroup;
			children = (
				F3A8AE8525BF4A10001AD4D9 /* Project6.app */,
				F3A8AE9925BF4A11001AD4D9 /* Project6 WatchKit App.app */,
				F3A8AEA825BF4A11001AD4D9 /* Project6 WatchKit Extension.appex */,
			);
			name = Products;
			sourceTree = "<group>";
		};
		F3A8AE8725BF4A10001AD4D9 /* Project6 */ = {
			isa = PBXGroup;
			children = (
				F3A8AE8825BF4A10001AD4D9 /* AppDelegate.swift */,
				F3A8AE8A25BF4A10001AD4D9 /* SceneDelegate.swift */,
				F3A8AE8C25BF4A10001AD4D9 /* ViewController.swift */,
				F3A8AE8E25BF4A10001AD4D9 /* Main.storyboard */,
				F3A8AE9125BF4A11001AD4D9 /* Assets.xcassets */,
				F3A8AE9325BF4A11001AD4D9 /* LaunchScreen.storyboard */,
				F3A8AE9625BF4A11001AD4D9 /* Info.plist */,
			);
			path = Project6;
			sourceTree = "<group>";
		};
		F3A8AE9D25BF4A11001AD4D9 /* Project6 WatchKit App */ = {
			isa = PBXGroup;
			children = (
				F3A8AE9E25BF4A11001AD4D9 /* Interface.storyboard */,
				F3A8AEA125BF4A11001AD4D9 /* Assets.xcassets */,
				F3A8AEA325BF4A11001AD4D9 /* Info.plist */,
			);
			path = "Project6 WatchKit App";
			sourceTree = "<group>";
		};
		F3A8AEAC25BF4A11001AD4D9 /* Project6 WatchKit Extension */ = {
			isa = PBXGroup;
			children = (
				F3A8AEAD25BF4A11001AD4D9 /* InterfaceController.swift */,
				F3A8AEAF25BF4A11001AD4D9 /* ExtensionDelegate.swift */,
				F3A8AEB125BF4A11001AD4D9 /* ComplicationController.swift */,
				F3A8AEB325BF4A12001AD4D9 /* Assets.xcassets */,
				F3A8AEB525BF4A12001AD4D9 /* Info.plist */,
			);
			path = "Project6 WatchKit Extension";
			sourceTree = "<group>";
		};
/* End PBXGroup section */

/* Begin PBXNativeTarget section */
		F3A8AE8425BF4A0F001AD4D9 /* Project6 */ = {
			isa = PBXNativeTarget;
			buildConfigurationList = F3A8AEC025BF4A12001AD4D9 /* Build configuration list for PBXNativeTarget "Project6" */;
			buildPhases = (
				F3A8AE8125BF4A0F001AD4D9 /* Sources */,
				F3A8AE8225BF4A0F001AD4D9 /* Frameworks */,
				F3A8AE8325BF4A0F001AD4D9 /* Resources */,
				F3A8AEBF25BF4A12001AD4D9 /* Embed Watch Content */,
			);
			buildRules = (
			);
			dependencies = (
				F3A8AE9C25BF4A11001AD4D9 /* PBXTargetDependency */,
			);
			name = Project6;
			productName = Project6;
			productReference = F3A8AE8525BF4A10001AD4D9 /* Project6.app */;
			productType = "com.apple.product-type.application";
		};
		F3A8AE9825BF4A11001AD4D9 /* Project6 WatchKit App */ = {
			isa = PBXNativeTarget;
			buildConfigurationList = F3A8AEBC25BF4A12001AD4D9 /* Build configuration list for PBXNativeTarget "Project6 WatchKit App" */;
			buildPhases = (
				F3A8AE9725BF4A11001AD4D9 /* Resources */,
				F3A8AEBB25BF4A12001AD4D9 /* Embed App Extensions */,
			);
			buildRules = (
			);
			dependencies = (
				F3A8AEAB25BF4A11001AD4D9 /* PBXTargetDependency */,
			);
			name = "Project6 WatchKit App";
			productName = "Project6 WatchKit App";
			productReference = F3A8AE9925BF4A11001AD4D9 /* Project6 WatchKit App.app */;
			productType = "com.apple.product-type.application.watchapp2";
		};
		F3A8AEA725BF4A11001AD4D9 /* Project6 WatchKit Extension */ = {
			isa = PBXNativeTarget;
			buildConfigurationList = F3A8AEB825BF4A12001AD4D9 /* Build configuration list for PBXNativeTarget "Project6 WatchKit Extension" */;
			buildPhases = (
				F3A8AEA425BF4A11001AD4D9 /* Sources */,
				F3A8AEA525BF4A11001AD4D9 /* Frameworks */,
				F3A8AEA625BF4A11001AD4D9 /* Resources */,
			);
			buildRules = (
			);
			dependencies = (
			);
			name = "Project6 WatchKit Extension";
			productName = "Project6 WatchKit Extension";
			productReference = F3A8AEA825BF4A11001AD4D9 /* Project6 WatchKit Extension.appex */;
			productType = "com.apple.product-type.watchkit2-extension";
		};
/* End PBXNativeTarget section */

/* Begin PBXProject section */
		F3A8AE7D25BF4A0F001AD4D9 /* Project object */ = {
			isa = PBXProject;
			attributes = {
				LastSwiftUpdateCheck = 1240;
				LastUpgradeCheck = 1240;
				TargetAttributes = {
					F3A8AE8425BF4A0F001AD4D9 = {
						CreatedOnToolsVersion = 12.4;
					};
					F3A8AE9825BF4A11001AD4D9 = {
						CreatedOnToolsVersion = 12.4;
					};
					F3A8AEA725BF4A11001AD4D9 = {
						CreatedOnToolsVersion = 12.4;
					};
				};
			};
			buildConfigurationList = F3A8AE8025BF4A0F001AD4D9 /* Build configuration list for PBXProject "Project6" */;
			compatibilityVersion = "Xcode 9.3";
			developmentRegion = en;
			hasScannedForEncodings = 0;
			knownRegions = (
				en,
				Base,
			);
			mainGroup = F3A8AE7C25BF4A0F001AD4D9;
			productRefGroup = F3A8AE8625BF4A10001AD4D9 /* Products */;
			projectDirPath = "";
			projectRoot = "";
			targets = (
				F3A8AE8425BF4A0F001AD4D9 /* Project6 */,
				F3A8AE9825BF4A11001AD4D9 /* Project6 WatchKit App */,
				F3A8AEA725BF4A11001AD4D9 /* Project6 WatchKit Extension */,
			);
		};
/* End PBXProject section */

/* Begin PBXResourcesBuildPhase section */
		F3A8AE8325BF4A0F001AD4D9 /* Resources */ = {
			isa = PBXResourcesBuildPhase;
			buildActionMask = 2147483647;
			files = (
				F3A8AE9525BF4A11001AD4D9 /* LaunchScreen.storyboard in Resources */,
				F3A8AE9225BF4A11001AD4D9 /* Assets.xcassets in Resources */,
				F3A8AE9025BF4A10001AD4D9 /* Main.storyboard in Resources */,
			);
			runOnlyForDeploymentPostprocessing = 0;
		};
		F3A8AE9725BF4A11001AD4D9 /* Resources */ = {
			isa = PBXResourcesBuildPhase;
			buildActionMask = 2147483647;
			files = (
				F3A8AEA225BF4A11001AD4D9 /* Assets.xcassets in Resources */,
				F3A8AEA025BF4A11001AD4D9 /* Interface.storyboard in Resources */,
			);
			runOnlyForDeploymentPostprocessing = 0;
		};
		F3A8AEA625BF4A11001AD4D9 /* Resources */ = {
			isa = PBXResourcesBuildPhase;
			buildActionMask = 2147483647;
			files = (
				F3A8AEB425BF4A12001AD4D9 /* Assets.xcassets in Resources */,
			);
			runOnlyForDeploymentPostprocessing = 0;
		};
/* End PBXResourcesBuildPhase section */

/* Begin PBXSourcesBuildPhase section */
		F3A8AE8125BF4A0F001AD4D9 /* Sources */ = {
			isa = PBXSourcesBuildPhase;
			buildActionMask = 2147483647;
			files = (
				F3A8AE8D25BF4A10001AD4D9 /* ViewController.swift in Sources */,
				F3A8AE8925BF4A10001AD4D9 /* AppDelegate.swift in Sources */,
				F3A8AE8B25BF4A10001AD4D9 /* SceneDelegate.swift in Sources */,
			);
			runOnlyForDeploymentPostprocessing = 0;
		};
		F3A8AEA425BF4A11001AD4D9 /* Sources */ = {
			isa = PBXSourcesBuildPhase;
			buildActionMask = 2147483647;
			files = (
				F3A8AEB025BF4A11001AD4D9 /* ExtensionDelegate.swift in Sources */,
				F3A8AEAE25BF4A11001AD4D9 /* InterfaceController.swift in Sources */,
				F3A8AEB225BF4A11001AD4D9 /* ComplicationController.swift in Sources */,
			);
			runOnlyForDeploymentPostprocessing = 0;
		};
/* End PBXSourcesBuildPhase section */

/* Begin PBXTargetDependency section */
		F3A8AE9C25BF4A11001AD4D9 /* PBXTargetDependency */ = {
			isa = PBXTargetDependency;
			target = F3A8AE9825BF4A11001AD4D9 /* Project6 WatchKit App */;
			targetProxy = F3A8AE9B25BF4A11001AD4D9 /* PBXContainerItemProxy */;
		};
		F3A8AEAB25BF4A11001AD4D9 /* PBXTargetDependency */ = {
			isa = PBXTargetDependency;
			target = F3A8AEA725BF4A11001AD4D9 /* Project6 WatchKit Extension */;
			targetProxy = F3A8AEAA25BF4A11001AD4D9 /* PBXContainerItemProxy */;
		};
/* End PBXTargetDependency section */

/* Begin PBXVariantGroup section */
		F3A8AE8E25BF4A10001AD4D9 /* Main.storyboard */ = {
			isa = PBXVariantGroup;
			children = (
				F3A8AE8F25BF4A10001AD4D9 /* Base */,
			);
			name = Main.storyboard;
			sourceTree = "<group>";
		};
		F3A8AE9325BF4A11001AD4D9 /* LaunchScreen.storyboard */ = {
			isa = PBXVariantGroup;
			children = (
				F3A8AE9425BF4A11001AD4D9 /* Base */,
			);
			name = LaunchScreen.storyboard;
			sourceTree = "<group>";
		};
		F3A8AE9E25BF4A11001AD4D9 /* Interface.storyboard */ = {
			isa = PBXVariantGroup;
			children = (
				F3A8AE9F25BF4A11001AD4D9 /* Base */,
			);
			name = Interface.storyboard;
			sourceTree = "<group>";
		};
/* End PBXVariantGroup section */

/* Begin XCBuildConfiguration section */
		F3A8AEB625BF4A12001AD4D9 /* Debug */ = {
			isa = XCBuildConfiguration;
			buildSettings = {
				ALWAYS_SEARCH_USER_PATHS = NO;
				CLANG_ANALYZER_NONNULL = YES;
				CLANG_ANALYZER_NUMBER_OBJECT_CONVERSION = YES_AGGRESSIVE;
				CLANG_CXX_LANGUAGE_STANDARD = "gnu++14";
				CLANG_CXX_LIBRARY = "libc++";
				CLANG_ENABLE_MODULES = YES;
				CLANG_ENABLE_OBJC_ARC = YES;
				CLANG_ENABLE_OBJC_WEAK = YES;
				CLANG_WARN_BLOCK_CAPTURE_AUTORELEASING = YES;
				CLANG_WARN_BOOL_CONVERSION = YES;
				CLANG_WARN_COMMA = YES;
				CLANG_WARN_CONSTANT_CONVERSION = YES;
				CLANG_WARN_DEPRECATED_OBJC_IMPLEMENTATIONS = YES;
				CLANG_WARN_DIRECT_OBJC_ISA_USAGE = YES_ERROR;
				CLANG_WARN_DOCUMENTATION_COMMENTS = YES;
				CLANG_WARN_EMPTY_BODY = YES;
				CLANG_WARN_ENUM_CONVERSION = YES;
				CLANG_WARN_INFINITE_RECURSION = YES;
				CLANG_WARN_INT_CONVERSION = YES;
				CLANG_WARN_NON_LITERAL_NULL_CONVERSION = YES;
				CLANG_WARN_OBJC_IMPLICIT_RETAIN_SELF = YES;
				CLANG_WARN_OBJC_LITERAL_CONVERSION = YES;
				CLANG_WARN_OBJC_ROOT_CLASS = YES_ERROR;
				CLANG_WARN_QUOTED_INCLUDE_IN_FRAMEWORK_HEADER = YES;
				CLANG_WARN_RANGE_LOOP_ANALYSIS = YES;
				CLANG_WARN_STRICT_PROTOTYPES = YES;
				CLANG_WARN_SUSPICIOUS_MOVE = YES;
				CLANG_WARN_UNGUARDED_AVAILABILITY = YES_AGGRESSIVE;
				CLANG_WARN_UNREACHABLE_CODE = YES;
				CLANG_WARN__DUPLICATE_METHOD_MATCH = YES;
				COPY_PHASE_STRIP = NO;
				DEBUG_INFORMATION_FORMAT = dwarf;
				ENABLE_STRICT_OBJC_MSGSEND = YES;
				ENABLE_TESTABILITY = YES;
				GCC_C_LANGUAGE_STANDARD = gnu11;
				GCC_DYNAMIC_NO_PIC = NO;
				GCC_NO_COMMON_BLOCKS = YES;
				GCC_OPTIMIZATION_LEVEL = 0;
				GCC_PREPROCESSOR_DEFINITIONS = (
					"DEBUG=1",
					"$(inherited)",
				);
				GCC_WARN_64_TO_32_BIT_CONVERSION = YES;
				GCC_WARN_ABOUT_RETURN_TYPE = YES_ERROR;
				GCC_WARN_UNDECLARED_SELECTOR = YES;
				GCC_WARN_UNINITIALIZED_AUTOS = YES_AGGRESSIVE;
				GCC_WARN_UNUSED_FUNCTION = YES;
				GCC_WARN_UNUSED_VARIABLE = YES;
				MTL_ENABLE_DEBUG_INFO = INCLUDE_SOURCE;
				MTL_FAST_MATH = YES;
				ONLY_ACTIVE_ARCH = YES;
				SWIFT_ACTIVE_COMPILATION_CONDITIONS = DEBUG;
				SWIFT_OPTIMIZATION_LEVEL = "-Onone";
			};
			name = Debug;
		};
		F3A8AEB725BF4A12001AD4D9 /* Release */ = {
			isa = XCBuildConfiguration;
			buildSettings = {
				ALWAYS_SEARCH_USER_PATHS = NO;
				CLANG_ANALYZER_NONNULL = YES;
				CLANG_ANALYZER_NUMBER_OBJECT_CONVERSION = YES_AGGRESSIVE;
				CLANG_CXX_LANGUAGE_STANDARD = "gnu++14";
				CLANG_CXX_LIBRARY = "libc++";
				CLANG_ENABLE_MODULES = YES;
				CLANG_ENABLE_OBJC_ARC = YES;
				CLANG_ENABLE_OBJC_WEAK = YES;
				CLANG_WARN_BLOCK_CAPTURE_AUTORELEASING = YES;
				CLANG_WARN_BOOL_CONVERSION = YES;
				CLANG_WARN_COMMA = YES;
				CLANG_WARN_CONSTANT_CONVERSION = YES;
				CLANG_WARN_DEPRECATED_OBJC_IMPLEMENTATIONS = YES;
				CLANG_WARN_DIRECT_OBJC_ISA_USAGE = YES_ERROR;
				CLANG_WARN_DOCUMENTATION_COMMENTS = YES;
				CLANG_WARN_EMPTY_BODY = YES;
				CLANG_WARN_ENUM_CONVERSION = YES;
				CLANG_WARN_INFINITE_RECURSION = YES;
				CLANG_WARN_INT_CONVERSION = YES;
				CLANG_WARN_NON_LITERAL_NULL_CONVERSION = YES;
				CLANG_WARN_OBJC_IMPLICIT_RETAIN_SELF = YES;
				CLANG_WARN_OBJC_LITERAL_CONVERSION = YES;
				CLANG_WARN_OBJC_ROOT_CLASS = YES_ERROR;
				CLANG_WARN_QUOTED_INCLUDE_IN_FRAMEWORK_HEADER = YES;
				CLANG_WARN_RANGE_LOOP_ANALYSIS = YES;
				CLANG_WARN_STRICT_PROTOTYPES = YES;
				CLANG_WARN_SUSPICIOUS_MOVE = YES;
				CLANG_WARN_UNGUARDED_AVAILABILITY = YES_AGGRESSIVE;
				CLANG_WARN_UNREACHABLE_CODE = YES;
				CLANG_WARN__DUPLICATE_METHOD_MATCH = YES;
				COPY_PHASE_STRIP = NO;
				DEBUG_INFORMATION_FORMAT = "dwarf-with-dsym";
				ENABLE_NS_ASSERTIONS = NO;
				ENABLE_STRICT_OBJC_MSGSEND = YES;
				GCC_C_LANGUAGE_STANDARD = gnu11;
				GCC_NO_COMMON_BLOCKS = YES;
				GCC_WARN_64_TO_32_BIT_CONVERSION = YES;
				GCC_WARN_ABOUT_RETURN_TYPE = YES_ERROR;
				GCC_WARN_UNDECLARED_SELECTOR = YES;
				GCC_WARN_UNINITIALIZED_AUTOS = YES_AGGRESSIVE;
				GCC_WARN_UNUSED_FUNCTION = YES;
				GCC_WARN_UNUSED_VARIABLE = YES;
				MTL_ENABLE_DEBUG_INFO = NO;
				MTL_FAST_MATH = YES;
				SWIFT_COMPILATION_MODE = wholemodule;
				SWIFT_OPTIMIZATION_LEVEL = "-O";
			};
			name = Release;
		};
		F3A8AEB925BF4A12001AD4D9 /* Debug */ = {
			isa = XCBuildConfiguration;
			buildSettings = {
				ASSETCATALOG_COMPILER_COMPLICATION_NAME = Complication;
				CODE_SIGN_STYLE = Automatic;
				DEVELOPMENT_TEAM = 6Q9SP4M9H4;
				INFOPLIST_FILE = "Project6 WatchKit Extension/Info.plist";
				LD_RUNPATH_SEARCH_PATHS = (
					"$(inherited)",
					"@executable_path/Frameworks",
					"@executable_path/../../Frameworks",
				);
				PRODUCT_BUNDLE_IDENTIFIER = com.smoothypeter.Project6.watchkitapp.watchkitextension;
				PRODUCT_NAME = "${TARGET_NAME}";
				SDKROOT = watchos;
				SKIP_INSTALL = YES;
				SWIFT_VERSION = 5.0;
				TARGETED_DEVICE_FAMILY = 4;
				WATCHOS_DEPLOYMENT_TARGET = 7.2;
			};
			name = Debug;
		};
		F3A8AEBA25BF4A12001AD4D9 /* Release */ = {
			isa = XCBuildConfiguration;
			buildSettings = {
				ASSETCATALOG_COMPILER_COMPLICATION_NAME = Complication;
				CODE_SIGN_STYLE = Automatic;
				DEVELOPMENT_TEAM = 6Q9SP4M9H4;
				INFOPLIST_FILE = "Project6 WatchKit Extension/Info.plist";
				LD_RUNPATH_SEARCH_PATHS = (
					"$(inherited)",
					"@executable_path/Frameworks",
					"@executable_path/../../Frameworks",
				);
				PRODUCT_BUNDLE_IDENTIFIER = com.smoothypeter.Project6.watchkitapp.watchkitextension;
				PRODUCT_NAME = "${TARGET_NAME}";
				SDKROOT = watchos;
				SKIP_INSTALL = YES;
				SWIFT_VERSION = 5.0;
				TARGETED_DEVICE_FAMILY = 4;
				VALIDATE_PRODUCT = YES;
				WATCHOS_DEPLOYMENT_TARGET = 7.2;
			};
			name = Release;
		};
		F3A8AEBD25BF4A12001AD4D9 /* Debug */ = {
			isa = XCBuildConfiguration;
			buildSettings = {
				ALWAYS_EMBED_SWIFT_STANDARD_LIBRARIES = YES;
				ASSETCATALOG_COMPILER_APPICON_NAME = AppIcon;
				ASSETCATALOG_COMPILER_GLOBAL_ACCENT_COLOR_NAME = AccentColor;
				CODE_SIGN_STYLE = Automatic;
				DEVELOPMENT_TEAM = 6Q9SP4M9H4;
				IBSC_MODULE = Project6_WatchKit_Extension;
				INFOPLIST_FILE = "Project6 WatchKit App/Info.plist";
				PRODUCT_BUNDLE_IDENTIFIER = com.smoothypeter.Project6.watchkitapp;
				PRODUCT_NAME = "$(TARGET_NAME)";
				SDKROOT = watchos;
				SKIP_INSTALL = YES;
				SWIFT_VERSION = 5.0;
				TARGETED_DEVICE_FAMILY = 4;
				WATCHOS_DEPLOYMENT_TARGET = 7.2;
			};
			name = Debug;
		};
		F3A8AEBE25BF4A12001AD4D9 /* Release */ = {
			isa = XCBuildConfiguration;
			buildSettings = {
				ALWAYS_EMBED_SWIFT_STANDARD_LIBRARIES = YES;
				ASSETCATALOG_COMPILER_APPICON_NAME = AppIcon;
				ASSETCATALOG_COMPILER_GLOBAL_ACCENT_COLOR_NAME = AccentColor;
				CODE_SIGN_STYLE = Automatic;
				DEVELOPMENT_TEAM = 6Q9SP4M9H4;
				IBSC_MODULE = Project6_WatchKit_Extension;
				INFOPLIST_FILE = "Project6 WatchKit App/Info.plist";
				PRODUCT_BUNDLE_IDENTIFIER = com.smoothypeter.Project6.watchkitapp;
				PRODUCT_NAME = "$(TARGET_NAME)";
				SDKROOT = watchos;
				SKIP_INSTALL = YES;
				SWIFT_VERSION = 5.0;
				TARGETED_DEVICE_FAMILY = 4;
				VALIDATE_PRODUCT = YES;
				WATCHOS_DEPLOYMENT_TARGET = 7.2;
			};
			name = Release;
		};
		F3A8AEC125BF4A12001AD4D9 /* Debug */ = {
			isa = XCBuildConfiguration;
			buildSettings = {
				ASSETCATALOG_COMPILER_APPICON_NAME = AppIcon;
				ASSETCATALOG_COMPILER_GLOBAL_ACCENT_COLOR_NAME = AccentColor;
				CODE_SIGN_STYLE = Automatic;
				DEVELOPMENT_TEAM = 6Q9SP4M9H4;
				INFOPLIST_FILE = Project6/Info.plist;
				IPHONEOS_DEPLOYMENT_TARGET = 14.4;
				LD_RUNPATH_SEARCH_PATHS = (
					"$(inherited)",
					"@executable_path/Frameworks",
				);
				PRODUCT_BUNDLE_IDENTIFIER = com.smoothypeter.Project6;
				PRODUCT_NAME = "$(TARGET_NAME)";
				SDKROOT = iphoneos;
				SWIFT_VERSION = 5.0;
				TARGETED_DEVICE_FAMILY = "1,2";
			};
			name = Debug;
		};
		F3A8AEC225BF4A12001AD4D9 /* Release */ = {
			isa = XCBuildConfiguration;
			buildSettings = {
				ASSETCATALOG_COMPILER_APPICON_NAME = AppIcon;
				ASSETCATALOG_COMPILER_GLOBAL_ACCENT_COLOR_NAME = AccentColor;
				CODE_SIGN_STYLE = Automatic;
				DEVELOPMENT_TEAM = 6Q9SP4M9H4;
				INFOPLIST_FILE = Project6/Info.plist;
				IPHONEOS_DEPLOYMENT_TARGET = 14.4;
				LD_RUNPATH_SEARCH_PATHS = (
					"$(inherited)",
					"@executable_path/Frameworks",
				);
				PRODUCT_BUNDLE_IDENTIFIER = com.smoothypeter.Project6;
				PRODUCT_NAME = "$(TARGET_NAME)";
				SDKROOT = iphoneos;
				SWIFT_VERSION = 5.0;
				TARGETED_DEVICE_FAMILY = "1,2";
				VALIDATE_PRODUCT = YES;
			};
			name = Release;
		};
/* End XCBuildConfiguration section */

/* Begin XCConfigurationList section */
		F3A8AE8025BF4A0F001AD4D9 /* Build configuration list for PBXProject "Project6" */ = {
			isa = XCConfigurationList;
			buildConfigurations = (
				F3A8AEB625BF4A12001AD4D9 /* Debug */,
				F3A8AEB725BF4A12001AD4D9 /* Release */,
			);
			defaultConfigurationIsVisible = 0;
			defaultConfigurationName = Release;
		};
		F3A8AEB825BF4A12001AD4D9 /* Build configuration list for PBXNativeTarget "Project6 WatchKit Extension" */ = {
			isa = XCConfigurationList;
			buildConfigurations = (
				F3A8AEB925BF4A12001AD4D9 /* Debug */,
				F3A8AEBA25BF4A12001AD4D9 /* Release */,
			);
			defaultConfigurationIsVisible = 0;
			defaultConfigurationName = Release;
		};
		F3A8AEBC25BF4A12001AD4D9 /* Build configuration list for PBXNativeTarget "Project6 WatchKit App" */ = {
			isa = XCConfigurationList;
			buildConfigurations = (
				F3A8AEBD25BF4A12001AD4D9 /* Debug */,
				F3A8AEBE25BF4A12001AD4D9 /* Release */,
			);
			defaultConfigurationIsVisible = 0;
			defaultConfigurationName = Release;
		};
		F3A8AEC025BF4A12001AD4D9 /* Build configuration list for PBXNativeTarget "Project6" */ = {
			isa = XCConfigurationList;
			buildConfigurations = (
				F3A8AEC125BF4A12001AD4D9 /* Debug */,
				F3A8AEC225BF4A12001AD4D9 /* Release */,
			);
			defaultConfigurationIsVisible = 0;
			defaultConfigurationName = Release;
		};
/* End XCConfigurationList section */
	};
	rootObject = F3A8AE7D25BF4A0F001AD4D9 /* Project object */;
}
