// !$*UTF8*$!
{
	archiveVersion = 1;
	classes = {
	};
	objectVersion = 50;
	objects = {

/* Begin PBXBuildFile section */
		F354AC1325C051B800416A55 /* AppDelegate.m in Sources */ = {isa = PBXBuildFile; fileRef = F354AC1225C051B800416A55 /* AppDelegate.m */; };
		F354AC1625C051B800416A55 /* SceneDelegate.m in Sources */ = {isa = PBXBuildFile; fileRef = F354AC1525C051B800416A55 /* SceneDelegate.m */; };
		F354AC1925C051B800416A55 /* ViewController.m in Sources */ = {isa = PBXBuildFile; fileRef = F354AC1825C051B800416A55 /* ViewController.m */; };
		F354AC1C25C051B800416A55 /* Main.storyboard in Resources */ = {isa = PBXBuildFile; fileRef = F354AC1A25C051B800416A55 /* Main.storyboard */; };
		F354AC1E25C051B900416A55 /* Assets.xcassets in Resources */ = {isa = PBXBuildFile; fileRef = F354AC1D25C051B900416A55 /* Assets.xcassets */; };
		F354AC2125C051B900416A55 /* LaunchScreen.storyboard in Resources */ = {isa = PBXBuildFile; fileRef = F354AC1F25C051B900416A55 /* LaunchScreen.storyboard */; };
		F354AC2425C051B900416A55 /* main.m in Sources */ = {isa = PBXBuildFile; fileRef = F354AC2325C051B900416A55 /* main.m */; };
		F354AC2825C051B900416A55 /* Project7 WatchKit App.app in Embed Watch Content */ = {isa = PBXBuildFile; fileRef = F354AC2725C051B900416A55 /* Project7 WatchKit App.app */; settings = {ATTRIBUTES = (RemoveHeadersOnCopy, ); }; };
		F354AC2E25C051B900416A55 /* Interface.storyboard in Resources */ = {isa = PBXBuildFile; fileRef = F354AC2C25C051B900416A55 /* Interface.storyboard */; };
		F354AC3025C051BA00416A55 /* Assets.xcassets in Resources */ = {isa = PBXBuildFile; fileRef = F354AC2F25C051BA00416A55 /* Assets.xcassets */; };
		F354AC3725C051BA00416A55 /* Project7 WatchKit Extension.appex in Embed App Extensions */ = {isa = PBXBuildFile; fileRef = F354AC3625C051BA00416A55 /* Project7 WatchKit Extension.appex */; settings = {ATTRIBUTES = (RemoveHeadersOnCopy, ); }; };
		F354AC3D25C051BA00416A55 /* InterfaceController.m in Sources */ = {isa = PBXBuildFile; fileRef = F354AC3C25C051BA00416A55 /* InterfaceController.m */; };
		F354AC4025C051BA00416A55 /* ExtensionDelegate.m in Sources */ = {isa = PBXBuildFile; fileRef = F354AC3F25C051BA00416A55 /* ExtensionDelegate.m */; };
		F354AC4325C051BA00416A55 /* ComplicationController.m in Sources */ = {isa = PBXBuildFile; fileRef = F354AC4225C051BA00416A55 /* ComplicationController.m */; };
		F354AC4525C051BA00416A55 /* Assets.xcassets in Resources */ = {isa = PBXBuildFile; fileRef = F354AC4425C051BA00416A55 /* Assets.xcassets */; };
		F354AC5C25C06DC000416A55 /* NSArray+containsString.m in Sources */ = {isa = PBXBuildFile; fileRef = F354AC5B25C06DC000416A55 /* NSArray+containsString.m */; };
/* End PBXBuildFile section */

/* Begin PBXContainerItemProxy section */
		F354AC2925C051B900416A55 /* PBXContainerItemProxy */ = {
			isa = PBXContainerItemProxy;
			containerPortal = F354AC0625C051B800416A55 /* Project object */;
			proxyType = 1;
			remoteGlobalIDString = F354AC2625C051B900416A55;
			remoteInfo = "Project7 WatchKit App";
		};
		F354AC3825C051BA00416A55 /* PBXContainerItemProxy */ = {
			isa = PBXContainerItemProxy;
			containerPortal = F354AC0625C051B800416A55 /* Project object */;
			proxyType = 1;
			remoteGlobalIDString = F354AC3525C051BA00416A55;
			remoteInfo = "Project7 WatchKit Extension";
		};
/* End PBXContainerItemProxy section */

/* Begin PBXCopyFilesBuildPhase section */
		F354AC4C25C051BB00416A55 /* Embed App Extensions */ = {
			isa = PBXCopyFilesBuildPhase;
			buildActionMask = 2147483647;
			dstPath = "";
			dstSubfolderSpec = 13;
			files = (
				F354AC3725C051BA00416A55 /* Project7 WatchKit Extension.appex in Embed App Extensions */,
			);
			name = "Embed App Extensions";
			runOnlyForDeploymentPostprocessing = 0;
		};
		F354AC5025C051BB00416A55 /* Embed Watch Content */ = {
			isa = PBXCopyFilesBuildPhase;
			buildActionMask = 2147483647;
			dstPath = "$(CONTENTS_FOLDER_PATH)/Watch";
			dstSubfolderSpec = 16;
			files = (
				F354AC2825C051B900416A55 /* Project7 WatchKit App.app in Embed Watch Content */,
			);
			name = "Embed Watch Content";
			runOnlyForDeploymentPostprocessing = 0;
		};
/* End PBXCopyFilesBuildPhase section */

/* Begin PBXFileReference section */
		F354AC0E25C051B800416A55 /* Project7.app */ = {isa = PBXFileReference; explicitFileType = wrapper.application; includeInIndex = 0; path = Project7.app; sourceTree = BUILT_PRODUCTS_DIR; };
		F354AC1125C051B800416A55 /* AppDelegate.h */ = {isa = PBXFileReference; lastKnownFileType = sourcecode.c.h; path = AppDelegate.h; sourceTree = "<group>"; };
		F354AC1225C051B800416A55 /* AppDelegate.m */ = {isa = PBXFileReference; lastKnownFileType = sourcecode.c.objc; path = AppDelegate.m; sourceTree = "<group>"; };
		F354AC1425C051B800416A55 /* SceneDelegate.h */ = {isa = PBXFileReference; lastKnownFileType = sourcecode.c.h; path = SceneDelegate.h; sourceTree = "<group>"; };
		F354AC1525C051B800416A55 /* SceneDelegate.m */ = {isa = PBXFileReference; lastKnownFileType = sourcecode.c.objc; path = SceneDelegate.m; sourceTree = "<group>"; };
		F354AC1725C051B800416A55 /* ViewController.h */ = {isa = PBXFileReference; lastKnownFileType = sourcecode.c.h; path = ViewController.h; sourceTree = "<group>"; };
		F354AC1825C051B800416A55 /* ViewController.m */ = {isa = PBXFileReference; lastKnownFileType = sourcecode.c.objc; path = ViewController.m; sourceTree = "<group>"; };
		F354AC1B25C051B800416A55 /* Base */ = {isa = PBXFileReference; lastKnownFileType = file.storyboard; name = Base; path = Base.lproj/Main.storyboard; sourceTree = "<group>"; };
		F354AC1D25C051B900416A55 /* Assets.xcassets */ = {isa = PBXFileReference; lastKnownFileType = folder.assetcatalog; path = Assets.xcassets; sourceTree = "<group>"; };
		F354AC2025C051B900416A55 /* Base */ = {isa = PBXFileReference; lastKnownFileType = file.storyboard; name = Base; path = Base.lproj/LaunchScreen.storyboard; sourceTree = "<group>"; };
		F354AC2225C051B900416A55 /* Info.plist */ = {isa = PBXFileReference; lastKnownFileType = text.plist.xml; path = Info.plist; sourceTree = "<group>"; };
		F354AC2325C051B900416A55 /* main.m */ = {isa = PBXFileReference; lastKnownFileType = sourcecode.c.objc; path = main.m; sourceTree = "<group>"; };
		F354AC2725C051B900416A55 /* Project7 WatchKit App.app */ = {isa = PBXFileReference; explicitFileType = wrapper.application; includeInIndex = 0; path = "Project7 WatchKit App.app"; sourceTree = BUILT_PRODUCTS_DIR; };
		F354AC2D25C051B900416A55 /* Base */ = {isa = PBXFileReference; lastKnownFileType = file.storyboard; name = Base; path = Base.lproj/Interface.storyboard; sourceTree = "<group>"; };
		F354AC2F25C051BA00416A55 /* Assets.xcassets */ = {isa = PBXFileReference; lastKnownFileType = folder.assetcatalog; path = Assets.xcassets; sourceTree = "<group>"; };
		F354AC3125C051BA00416A55 /* Info.plist */ = {isa = PBXFileReference; lastKnownFileType = text.plist.xml; path = Info.plist; sourceTree = "<group>"; };
		F354AC3625C051BA00416A55 /* Project7 WatchKit Extension.appex */ = {isa = PBXFileReference; explicitFileType = "wrapper.app-extension"; includeInIndex = 0; path = "Project7 WatchKit Extension.appex"; sourceTree = BUILT_PRODUCTS_DIR; };
		F354AC3B25C051BA00416A55 /* InterfaceController.h */ = {isa = PBXFileReference; lastKnownFileType = sourcecode.c.h; path = InterfaceController.h; sourceTree = "<group>"; };
		F354AC3C25C051BA00416A55 /* InterfaceController.m */ = {isa = PBXFileReference; lastKnownFileType = sourcecode.c.objc; path = InterfaceController.m; sourceTree = "<group>"; };
		F354AC3E25C051BA00416A55 /* ExtensionDelegate.h */ = {isa = PBXFileReference; lastKnownFileType = sourcecode.c.h; path = ExtensionDelegate.h; sourceTree = "<group>"; };
		F354AC3F25C051BA00416A55 /* ExtensionDelegate.m */ = {isa = PBXFileReference; lastKnownFileType = sourcecode.c.objc; path = ExtensionDelegate.m; sourceTree = "<group>"; };
		F354AC4125C051BA00416A55 /* ComplicationController.h */ = {isa = PBXFileReference; lastKnownFileType = sourcecode.c.h; path = ComplicationController.h; sourceTree = "<group>"; };
		F354AC4225C051BA00416A55 /* ComplicationController.m */ = {isa = PBXFileReference; lastKnownFileType = sourcecode.c.objc; path = ComplicationController.m; sourceTree = "<group>"; };
		F354AC4425C051BA00416A55 /* Assets.xcassets */ = {isa = PBXFileReference; lastKnownFileType = folder.assetcatalog; path = Assets.xcassets; sourceTree = "<group>"; };
		F354AC4625C051BA00416A55 /* Info.plist */ = {isa = PBXFileReference; lastKnownFileType = text.plist.xml; path = Info.plist; sourceTree = "<group>"; };
		F354AC5A25C06DC000416A55 /* NSArray+containsString.h */ = {isa = PBXFileReference; fileEncoding = 4; lastKnownFileType = sourcecode.c.h; path = "NSArray+containsString.h"; sourceTree = "<group>"; };
		F354AC5B25C06DC000416A55 /* NSArray+containsString.m */ = {isa = PBXFileReference; fileEncoding = 4; lastKnownFileType = sourcecode.c.objc; path = "NSArray+containsString.m"; sourceTree = "<group>"; };
/* End PBXFileReference section */

/* Begin PBXFrameworksBuildPhase section */
		F354AC0B25C051B800416A55 /* Frameworks */ = {
			isa = PBXFrameworksBuildPhase;
			buildActionMask = 2147483647;
			files = (
			);
			runOnlyForDeploymentPostprocessing = 0;
		};
		F354AC3325C051BA00416A55 /* Frameworks */ = {
			isa = PBXFrameworksBuildPhase;
			buildActionMask = 2147483647;
			files = (
			);
			runOnlyForDeploymentPostprocessing = 0;
		};
/* End PBXFrameworksBuildPhase section */

/* Begin PBXGroup section */
		F354AC0525C051B800416A55 = {
			isa = PBXGroup;
			children = (
				F354AC1025C051B800416A55 /* Project7 */,
				F354AC2B25C051B900416A55 /* Project7 WatchKit App */,
				F354AC3A25C051BA00416A55 /* Project7 WatchKit Extension */,
				F354AC0F25C051B800416A55 /* Products */,
			);
			sourceTree = "<group>";
		};
		F354AC0F25C051B800416A55 /* Products */ = {
			isa = PBXGroup;
			children = (
				F354AC0E25C051B800416A55 /* Project7.app */,
				F354AC2725C051B900416A55 /* Project7 WatchKit App.app */,
				F354AC3625C051BA00416A55 /* Project7 WatchKit Extension.appex */,
			);
			name = Products;
			sourceTree = "<group>";
		};
		F354AC1025C051B800416A55 /* Project7 */ = {
			isa = PBXGroup;
			children = (
				F354AC1125C051B800416A55 /* AppDelegate.h */,
				F354AC1225C051B800416A55 /* AppDelegate.m */,
				F354AC1425C051B800416A55 /* SceneDelegate.h */,
				F354AC1525C051B800416A55 /* SceneDelegate.m */,
				F354AC1725C051B800416A55 /* ViewController.h */,
				F354AC1825C051B800416A55 /* ViewController.m */,
				F354AC1A25C051B800416A55 /* Main.storyboard */,
				F354AC1D25C051B900416A55 /* Assets.xcassets */,
				F354AC1F25C051B900416A55 /* LaunchScreen.storyboard */,
				F354AC2225C051B900416A55 /* Info.plist */,
				F354AC2325C051B900416A55 /* main.m */,
			);
			path = Project7;
			sourceTree = "<group>";
		};
		F354AC2B25C051B900416A55 /* Project7 WatchKit App */ = {
			isa = PBXGroup;
			children = (
				F354AC2C25C051B900416A55 /* Interface.storyboard */,
				F354AC2F25C051BA00416A55 /* Assets.xcassets */,
				F354AC3125C051BA00416A55 /* Info.plist */,
			);
			path = "Project7 WatchKit App";
			sourceTree = "<group>";
		};
		F354AC3A25C051BA00416A55 /* Project7 WatchKit Extension */ = {
			isa = PBXGroup;
			children = (
				F354AC3B25C051BA00416A55 /* InterfaceController.h */,
				F354AC3C25C051BA00416A55 /* InterfaceController.m */,
				F354AC3E25C051BA00416A55 /* ExtensionDelegate.h */,
				F354AC3F25C051BA00416A55 /* ExtensionDelegate.m */,
				F354AC4125C051BA00416A55 /* ComplicationController.h */,
				F354AC4225C051BA00416A55 /* ComplicationController.m */,
				F354AC5A25C06DC000416A55 /* NSArray+containsString.h */,
				F354AC5B25C06DC000416A55 /* NSArray+containsString.m */,
				F354AC4425C051BA00416A55 /* Assets.xcassets */,
				F354AC4625C051BA00416A55 /* Info.plist */,
			);
			path = "Project7 WatchKit Extension";
			sourceTree = "<group>";
		};
/* End PBXGroup section */

/* Begin PBXNativeTarget section */
		F354AC0D25C051B800416A55 /* Project7 */ = {
			isa = PBXNativeTarget;
			buildConfigurationList = F354AC5125C051BB00416A55 /* Build configuration list for PBXNativeTarget "Project7" */;
			buildPhases = (
				F354AC0A25C051B800416A55 /* Sources */,
				F354AC0B25C051B800416A55 /* Frameworks */,
				F354AC0C25C051B800416A55 /* Resources */,
				F354AC5025C051BB00416A55 /* Embed Watch Content */,
			);
			buildRules = (
			);
			dependencies = (
				F354AC2A25C051B900416A55 /* PBXTargetDependency */,
			);
			name = Project7;
			productName = Project7;
			productReference = F354AC0E25C051B800416A55 /* Project7.app */;
			productType = "com.apple.product-type.application";
		};
		F354AC2625C051B900416A55 /* Project7 WatchKit App */ = {
			isa = PBXNativeTarget;
			buildConfigurationList = F354AC4D25C051BB00416A55 /* Build configuration list for PBXNativeTarget "Project7 WatchKit App" */;
			buildPhases = (
				F354AC2525C051B900416A55 /* Resources */,
				F354AC4C25C051BB00416A55 /* Embed App Extensions */,
			);
			buildRules = (
			);
			dependencies = (
				F354AC3925C051BA00416A55 /* PBXTargetDependency */,
			);
			name = "Project7 WatchKit App";
			productName = "Project7 WatchKit App";
			productReference = F354AC2725C051B900416A55 /* Project7 WatchKit App.app */;
			productType = "com.apple.product-type.application.watchapp2";
		};
		F354AC3525C051BA00416A55 /* Project7 WatchKit Extension */ = {
			isa = PBXNativeTarget;
			buildConfigurationList = F354AC4925C051BB00416A55 /* Build configuration list for PBXNativeTarget "Project7 WatchKit Extension" */;
			buildPhases = (
				F354AC3225C051BA00416A55 /* Sources */,
				F354AC3325C051BA00416A55 /* Frameworks */,
				F354AC3425C051BA00416A55 /* Resources */,
			);
			buildRules = (
			);
			dependencies = (
			);
			name = "Project7 WatchKit Extension";
			productName = "Project7 WatchKit Extension";
			productReference = F354AC3625C051BA00416A55 /* Project7 WatchKit Extension.appex */;
			productType = "com.apple.product-type.watchkit2-extension";
		};
/* End PBXNativeTarget section */

/* Begin PBXProject section */
		F354AC0625C051B800416A55 /* Project object */ = {
			isa = PBXProject;
			attributes = {
				LastUpgradeCheck = 1240;
				TargetAttributes = {
					F354AC0D25C051B800416A55 = {
						CreatedOnToolsVersion = 12.4;
					};
					F354AC2625C051B900416A55 = {
						CreatedOnToolsVersion = 12.4;
					};
					F354AC3525C051BA00416A55 = {
						CreatedOnToolsVersion = 12.4;
					};
				};
			};
			buildConfigurationList = F354AC0925C051B800416A55 /* Build configuration list for PBXProject "Project7" */;
			compatibilityVersion = "Xcode 9.3";
			developmentRegion = en;
			hasScannedForEncodings = 0;
			knownRegions = (
				en,
				Base,
			);
			mainGroup = F354AC0525C051B800416A55;
			productRefGroup = F354AC0F25C051B800416A55 /* Products */;
			projectDirPath = "";
			projectRoot = "";
			targets = (
				F354AC0D25C051B800416A55 /* Project7 */,
				F354AC2625C051B900416A55 /* Project7 WatchKit App */,
				F354AC3525C051BA00416A55 /* Project7 WatchKit Extension */,
			);
		};
/* End PBXProject section */

/* Begin PBXResourcesBuildPhase section */
		F354AC0C25C051B800416A55 /* Resources */ = {
			isa = PBXResourcesBuildPhase;
			buildActionMask = 2147483647;
			files = (
				F354AC2125C051B900416A55 /* LaunchScreen.storyboard in Resources */,
				F354AC1E25C051B900416A55 /* Assets.xcassets in Resources */,
				F354AC1C25C051B800416A55 /* Main.storyboard in Resources */,
			);
			runOnlyForDeploymentPostprocessing = 0;
		};
		F354AC2525C051B900416A55 /* Resources */ = {
			isa = PBXResourcesBuildPhase;
			buildActionMask = 2147483647;
			files = (
				F354AC3025C051BA00416A55 /* Assets.xcassets in Resources */,
				F354AC2E25C051B900416A55 /* Interface.storyboard in Resources */,
			);
			runOnlyForDeploymentPostprocessing = 0;
		};
		F354AC3425C051BA00416A55 /* Resources */ = {
			isa = PBXResourcesBuildPhase;
			buildActionMask = 2147483647;
			files = (
				F354AC4525C051BA00416A55 /* Assets.xcassets in Resources */,
			);
			runOnlyForDeploymentPostprocessing = 0;
		};
/* End PBXResourcesBuildPhase section */

/* Begin PBXSourcesBuildPhase section */
		F354AC0A25C051B800416A55 /* Sources */ = {
			isa = PBXSourcesBuildPhase;
			buildActionMask = 2147483647;
			files = (
				F354AC1925C051B800416A55 /* ViewController.m in Sources */,
				F354AC1325C051B800416A55 /* AppDelegate.m in Sources */,
				F354AC2425C051B900416A55 /* main.m in Sources */,
				F354AC1625C051B800416A55 /* SceneDelegate.m in Sources */,
			);
			runOnlyForDeploymentPostprocessing = 0;
		};
		F354AC3225C051BA00416A55 /* Sources */ = {
			isa = PBXSourcesBuildPhase;
			buildActionMask = 2147483647;
			files = (
				F354AC5C25C06DC000416A55 /* NSArray+containsString.m in Sources */,
				F354AC4325C051BA00416A55 /* ComplicationController.m in Sources */,
				F354AC4025C051BA00416A55 /* ExtensionDelegate.m in Sources */,
				F354AC3D25C051BA00416A55 /* InterfaceController.m in Sources */,
			);
			runOnlyForDeploymentPostprocessing = 0;
		};
/* End PBXSourcesBuildPhase section */

/* Begin PBXTargetDependency section */
		F354AC2A25C051B900416A55 /* PBXTargetDependency */ = {
			isa = PBXTargetDependency;
			target = F354AC2625C051B900416A55 /* Project7 WatchKit App */;
			targetProxy = F354AC2925C051B900416A55 /* PBXContainerItemProxy */;
		};
		F354AC3925C051BA00416A55 /* PBXTargetDependency */ = {
			isa = PBXTargetDependency;
			target = F354AC3525C051BA00416A55 /* Project7 WatchKit Extension */;
			targetProxy = F354AC3825C051BA00416A55 /* PBXContainerItemProxy */;
		};
/* End PBXTargetDependency section */

/* Begin PBXVariantGroup section */
		F354AC1A25C051B800416A55 /* Main.storyboard */ = {
			isa = PBXVariantGroup;
			children = (
				F354AC1B25C051B800416A55 /* Base */,
			);
			name = Main.storyboard;
			sourceTree = "<group>";
		};
		F354AC1F25C051B900416A55 /* LaunchScreen.storyboard */ = {
			isa = PBXVariantGroup;
			children = (
				F354AC2025C051B900416A55 /* Base */,
			);
			name = LaunchScreen.storyboard;
			sourceTree = "<group>";
		};
		F354AC2C25C051B900416A55 /* Interface.storyboard */ = {
			isa = PBXVariantGroup;
			children = (
				F354AC2D25C051B900416A55 /* Base */,
			);
			name = Interface.storyboard;
			sourceTree = "<group>";
		};
/* End PBXVariantGroup section */

/* Begin XCBuildConfiguration section */
		F354AC4725C051BA00416A55 /* Debug */ = {
			isa = XCBuildConfiguration;
			buildSettings = {
				ALWAYS_SEARCH_USER_PATHS = NO;
				CLANG_ANALYZER_NONNULL = YES;
				CLANG_ANALYZER_NUMBER_OBJECT_CONVERSION = YES_AGGRESSIVE;
				CLANG_CXX_LANGUAGE_STANDARD = "gnu++14";
				CLANG_CXX_LIBRARY = "libc++";
				CLANG_ENABLE_MODULES = YES;
				CLANG_ENABLE_OBJC_ARC = YES;
				CLANG_ENABLE_OBJC_WEAK = YES;
				CLANG_WARN_BLOCK_CAPTURE_AUTORELEASING = YES;
				CLANG_WARN_BOOL_CONVERSION = YES;
				CLANG_WARN_COMMA = YES;
				CLANG_WARN_CONSTANT_CONVERSION = YES;
				CLANG_WARN_DEPRECATED_OBJC_IMPLEMENTATIONS = YES;
				CLANG_WARN_DIRECT_OBJC_ISA_USAGE = YES_ERROR;
				CLANG_WARN_DOCUMENTATION_COMMENTS = YES;
				CLANG_WARN_EMPTY_BODY = YES;
				CLANG_WARN_ENUM_CONVERSION = YES;
				CLANG_WARN_INFINITE_RECURSION = YES;
				CLANG_WARN_INT_CONVERSION = YES;
				CLANG_WARN_NON_LITERAL_NULL_CONVERSION = YES;
				CLANG_WARN_OBJC_IMPLICIT_RETAIN_SELF = YES;
				CLANG_WARN_OBJC_LITERAL_CONVERSION = YES;
				CLANG_WARN_OBJC_ROOT_CLASS = YES_ERROR;
				CLANG_WARN_QUOTED_INCLUDE_IN_FRAMEWORK_HEADER = YES;
				CLANG_WARN_RANGE_LOOP_ANALYSIS = YES;
				CLANG_WARN_STRICT_PROTOTYPES = YES;
				CLANG_WARN_SUSPICIOUS_MOVE = YES;
				CLANG_WARN_UNGUARDED_AVAILABILITY = YES_AGGRESSIVE;
				CLANG_WARN_UNREACHABLE_CODE = YES;
				CLANG_WARN__DUPLICATE_METHOD_MATCH = YES;
				COPY_PHASE_STRIP = NO;
				DEBUG_INFORMATION_FORMAT = dwarf;
				ENABLE_STRICT_OBJC_MSGSEND = YES;
				ENABLE_TESTABILITY = YES;
				GCC_C_LANGUAGE_STANDARD = gnu11;
				GCC_DYNAMIC_NO_PIC = NO;
				GCC_NO_COMMON_BLOCKS = YES;
				GCC_OPTIMIZATION_LEVEL = 0;
				GCC_PREPROCESSOR_DEFINITIONS = (
					"DEBUG=1",
					"$(inherited)",
				);
				GCC_WARN_64_TO_32_BIT_CONVERSION = YES;
				GCC_WARN_ABOUT_RETURN_TYPE = YES_ERROR;
				GCC_WARN_UNDECLARED_SELECTOR = YES;
				GCC_WARN_UNINITIALIZED_AUTOS = YES_AGGRESSIVE;
				GCC_WARN_UNUSED_FUNCTION = YES;
				GCC_WARN_UNUSED_VARIABLE = YES;
				MTL_ENABLE_DEBUG_INFO = INCLUDE_SOURCE;
				MTL_FAST_MATH = YES;
				ONLY_ACTIVE_ARCH = YES;
			};
			name = Debug;
		};
		F354AC4825C051BA00416A55 /* Release */ = {
			isa = XCBuildConfiguration;
			buildSettings = {
				ALWAYS_SEARCH_USER_PATHS = NO;
				CLANG_ANALYZER_NONNULL = YES;
				CLANG_ANALYZER_NUMBER_OBJECT_CONVERSION = YES_AGGRESSIVE;
				CLANG_CXX_LANGUAGE_STANDARD = "gnu++14";
				CLANG_CXX_LIBRARY = "libc++";
				CLANG_ENABLE_MODULES = YES;
				CLANG_ENABLE_OBJC_ARC = YES;
				CLANG_ENABLE_OBJC_WEAK = YES;
				CLANG_WARN_BLOCK_CAPTURE_AUTORELEASING = YES;
				CLANG_WARN_BOOL_CONVERSION = YES;
				CLANG_WARN_COMMA = YES;
				CLANG_WARN_CONSTANT_CONVERSION = YES;
				CLANG_WARN_DEPRECATED_OBJC_IMPLEMENTATIONS = YES;
				CLANG_WARN_DIRECT_OBJC_ISA_USAGE = YES_ERROR;
				CLANG_WARN_DOCUMENTATION_COMMENTS = YES;
				CLANG_WARN_EMPTY_BODY = YES;
				CLANG_WARN_ENUM_CONVERSION = YES;
				CLANG_WARN_INFINITE_RECURSION = YES;
				CLANG_WARN_INT_CONVERSION = YES;
				CLANG_WARN_NON_LITERAL_NULL_CONVERSION = YES;
				CLANG_WARN_OBJC_IMPLICIT_RETAIN_SELF = YES;
				CLANG_WARN_OBJC_LITERAL_CONVERSION = YES;
				CLANG_WARN_OBJC_ROOT_CLASS = YES_ERROR;
				CLANG_WARN_QUOTED_INCLUDE_IN_FRAMEWORK_HEADER = YES;
				CLANG_WARN_RANGE_LOOP_ANALYSIS = YES;
				CLANG_WARN_STRICT_PROTOTYPES = YES;
				CLANG_WARN_SUSPICIOUS_MOVE = YES;
				CLANG_WARN_UNGUARDED_AVAILABILITY = YES_AGGRESSIVE;
				CLANG_WARN_UNREACHABLE_CODE = YES;
				CLANG_WARN__DUPLICATE_METHOD_MATCH = YES;
				COPY_PHASE_STRIP = NO;
				DEBUG_INFORMATION_FORMAT = "dwarf-with-dsym";
				ENABLE_NS_ASSERTIONS = NO;
				ENABLE_STRICT_OBJC_MSGSEND = YES;
				GCC_C_LANGUAGE_STANDARD = gnu11;
				GCC_NO_COMMON_BLOCKS = YES;
				GCC_WARN_64_TO_32_BIT_CONVERSION = YES;
				GCC_WARN_ABOUT_RETURN_TYPE = YES_ERROR;
				GCC_WARN_UNDECLARED_SELECTOR = YES;
				GCC_WARN_UNINITIALIZED_AUTOS = YES_AGGRESSIVE;
				GCC_WARN_UNUSED_FUNCTION = YES;
				GCC_WARN_UNUSED_VARIABLE = YES;
				MTL_ENABLE_DEBUG_INFO = NO;
				MTL_FAST_MATH = YES;
			};
			name = Release;
		};
		F354AC4A25C051BB00416A55 /* Debug */ = {
			isa = XCBuildConfiguration;
			buildSettings = {
				ASSETCATALOG_COMPILER_COMPLICATION_NAME = Complication;
				CODE_SIGN_STYLE = Automatic;
				DEVELOPMENT_TEAM = P53D29U9LJ;
				INFOPLIST_FILE = "Project7 WatchKit Extension/Info.plist";
				LD_RUNPATH_SEARCH_PATHS = (
					"$(inherited)",
					"@executable_path/Frameworks",
					"@executable_path/../../Frameworks",
				);
				PRODUCT_BUNDLE_IDENTIFIER = com.pookjw.Project7.watchkitapp.watchkitextension;
				PRODUCT_NAME = "${TARGET_NAME}";
				SDKROOT = watchos;
				SKIP_INSTALL = YES;
				TARGETED_DEVICE_FAMILY = 4;
				WATCHOS_DEPLOYMENT_TARGET = 7.2;
			};
			name = Debug;
		};
		F354AC4B25C051BB00416A55 /* Release */ = {
			isa = XCBuildConfiguration;
			buildSettings = {
				ASSETCATALOG_COMPILER_COMPLICATION_NAME = Complication;
				CODE_SIGN_STYLE = Automatic;
				DEVELOPMENT_TEAM = P53D29U9LJ;
				INFOPLIST_FILE = "Project7 WatchKit Extension/Info.plist";
				LD_RUNPATH_SEARCH_PATHS = (
					"$(inherited)",
					"@executable_path/Frameworks",
					"@executable_path/../../Frameworks",
				);
				PRODUCT_BUNDLE_IDENTIFIER = com.pookjw.Project7.watchkitapp.watchkitextension;
				PRODUCT_NAME = "${TARGET_NAME}";
				SDKROOT = watchos;
				SKIP_INSTALL = YES;
				TARGETED_DEVICE_FAMILY = 4;
				VALIDATE_PRODUCT = YES;
				WATCHOS_DEPLOYMENT_TARGET = 7.2;
			};
			name = Release;
		};
		F354AC4E25C051BB00416A55 /* Debug */ = {
			isa = XCBuildConfiguration;
			buildSettings = {
				ASSETCATALOG_COMPILER_APPICON_NAME = AppIcon;
				ASSETCATALOG_COMPILER_GLOBAL_ACCENT_COLOR_NAME = AccentColor;
				CODE_SIGN_STYLE = Automatic;
				DEVELOPMENT_TEAM = P53D29U9LJ;
				IBSC_MODULE = Project7_WatchKit_Extension;
				INFOPLIST_FILE = "Project7 WatchKit App/Info.plist";
				PRODUCT_BUNDLE_IDENTIFIER = com.pookjw.Project7.watchkitapp;
				PRODUCT_NAME = "$(TARGET_NAME)";
				SDKROOT = watchos;
				SKIP_INSTALL = YES;
				TARGETED_DEVICE_FAMILY = 4;
				WATCHOS_DEPLOYMENT_TARGET = 7.2;
			};
			name = Debug;
		};
		F354AC4F25C051BB00416A55 /* Release */ = {
			isa = XCBuildConfiguration;
			buildSettings = {
				ASSETCATALOG_COMPILER_APPICON_NAME = AppIcon;
				ASSETCATALOG_COMPILER_GLOBAL_ACCENT_COLOR_NAME = AccentColor;
				CODE_SIGN_STYLE = Automatic;
				DEVELOPMENT_TEAM = P53D29U9LJ;
				IBSC_MODULE = Project7_WatchKit_Extension;
				INFOPLIST_FILE = "Project7 WatchKit App/Info.plist";
				PRODUCT_BUNDLE_IDENTIFIER = com.pookjw.Project7.watchkitapp;
				PRODUCT_NAME = "$(TARGET_NAME)";
				SDKROOT = watchos;
				SKIP_INSTALL = YES;
				TARGETED_DEVICE_FAMILY = 4;
				VALIDATE_PRODUCT = YES;
				WATCHOS_DEPLOYMENT_TARGET = 7.2;
			};
			name = Release;
		};
		F354AC5225C051BB00416A55 /* Debug */ = {
			isa = XCBuildConfiguration;
			buildSettings = {
				ASSETCATALOG_COMPILER_APPICON_NAME = AppIcon;
				ASSETCATALOG_COMPILER_GLOBAL_ACCENT_COLOR_NAME = AccentColor;
				CODE_SIGN_STYLE = Automatic;
				DEVELOPMENT_TEAM = P53D29U9LJ;
				INFOPLIST_FILE = Project7/Info.plist;
				IPHONEOS_DEPLOYMENT_TARGET = 14.4;
				LD_RUNPATH_SEARCH_PATHS = (
					"$(inherited)",
					"@executable_path/Frameworks",
				);
				PRODUCT_BUNDLE_IDENTIFIER = com.pookjw.Project7;
				PRODUCT_NAME = "$(TARGET_NAME)";
				SDKROOT = iphoneos;
				TARGETED_DEVICE_FAMILY = "1,2";
			};
			name = Debug;
		};
		F354AC5325C051BB00416A55 /* Release */ = {
			isa = XCBuildConfiguration;
			buildSettings = {
				ASSETCATALOG_COMPILER_APPICON_NAME = AppIcon;
				ASSETCATALOG_COMPILER_GLOBAL_ACCENT_COLOR_NAME = AccentColor;
				CODE_SIGN_STYLE = Automatic;
				DEVELOPMENT_TEAM = P53D29U9LJ;
				INFOPLIST_FILE = Project7/Info.plist;
				IPHONEOS_DEPLOYMENT_TARGET = 14.4;
				LD_RUNPATH_SEARCH_PATHS = (
					"$(inherited)",
					"@executable_path/Frameworks",
				);
				PRODUCT_BUNDLE_IDENTIFIER = com.pookjw.Project7;
				PRODUCT_NAME = "$(TARGET_NAME)";
				SDKROOT = iphoneos;
				TARGETED_DEVICE_FAMILY = "1,2";
				VALIDATE_PRODUCT = YES;
			};
			name = Release;
		};
/* End XCBuildConfiguration section */

/* Begin XCConfigurationList section */
		F354AC0925C051B800416A55 /* Build configuration list for PBXProject "Project7" */ = {
			isa = XCConfigurationList;
			buildConfigurations = (
				F354AC4725C051BA00416A55 /* Debug */,
				F354AC4825C051BA00416A55 /* Release */,
			);
			defaultConfigurationIsVisible = 0;
			defaultConfigurationName = Release;
		};
		F354AC4925C051BB00416A55 /* Build configuration list for PBXNativeTarget "Project7 WatchKit Extension" */ = {
			isa = XCConfigurationList;
			buildConfigurations = (
				F354AC4A25C051BB00416A55 /* Debug */,
				F354AC4B25C051BB00416A55 /* Release */,
			);
			defaultConfigurationIsVisible = 0;
			defaultConfigurationName = Release;
		};
		F354AC4D25C051BB00416A55 /* Build configuration list for PBXNativeTarget "Project7 WatchKit App" */ = {
			isa = XCConfigurationList;
			buildConfigurations = (
				F354AC4E25C051BB00416A55 /* Debug */,
				F354AC4F25C051BB00416A55 /* Release */,
			);
			defaultConfigurationIsVisible = 0;
			defaultConfigurationName = Release;
		};
		F354AC5125C051BB00416A55 /* Build configuration list for PBXNativeTarget "Project7" */ = {
			isa = XCConfigurationList;
			buildConfigurations = (
				F354AC5225C051BB00416A55 /* Debug */,
				F354AC5325C051BB00416A55 /* Release */,
			);
			defaultConfigurationIsVisible = 0;
			defaultConfigurationName = Release;
		};
/* End XCConfigurationList section */
	};
	rootObject = F354AC0625C051B800416A55 /* Project object */;
}
