// !$*UTF8*$!
{
	archiveVersion = 1;
	classes = {
	};
	objectVersion = 50;
	objects = {

/* Begin PBXBuildFile section */
		F33EC62725BDE81700B44E1C /* AppDelegate.swift in Sources */ = {isa = PBXBuildFile; fileRef = F33EC62625BDE81700B44E1C /* AppDelegate.swift */; };
		F33EC62925BDE81700B44E1C /* SceneDelegate.swift in Sources */ = {isa = PBXBuildFile; fileRef = F33EC62825BDE81700B44E1C /* SceneDelegate.swift */; };
		F33EC62B25BDE81700B44E1C /* ViewController.swift in Sources */ = {isa = PBXBuildFile; fileRef = F33EC62A25BDE81700B44E1C /* ViewController.swift */; };
		F33EC62E25BDE81700B44E1C /* Main.storyboard in Resources */ = {isa = PBXBuildFile; fileRef = F33EC62C25BDE81700B44E1C /* Main.storyboard */; };
		F33EC63025BDE81800B44E1C /* Assets.xcassets in Resources */ = {isa = PBXBuildFile; fileRef = F33EC62F25BDE81800B44E1C /* Assets.xcassets */; };
		F33EC63325BDE81800B44E1C /* LaunchScreen.storyboard in Resources */ = {isa = PBXBuildFile; fileRef = F33EC63125BDE81800B44E1C /* LaunchScreen.storyboard */; };
		F33EC63825BDE81800B44E1C /* Project5 WatchKit App.app in Embed Watch Content */ = {isa = PBXBuildFile; fileRef = F33EC63725BDE81800B44E1C /* Project5 WatchKit App.app */; settings = {ATTRIBUTES = (RemoveHeadersOnCopy, ); }; };
		F33EC63E25BDE81800B44E1C /* Interface.storyboard in Resources */ = {isa = PBXBuildFile; fileRef = F33EC63C25BDE81800B44E1C /* Interface.storyboard */; };
		F33EC64025BDE81900B44E1C /* Assets.xcassets in Resources */ = {isa = PBXBuildFile; fileRef = F33EC63F25BDE81900B44E1C /* Assets.xcassets */; };
		F33EC64725BDE81900B44E1C /* Project5 WatchKit Extension.appex in Embed App Extensions */ = {isa = PBXBuildFile; fileRef = F33EC64625BDE81900B44E1C /* Project5 WatchKit Extension.appex */; settings = {ATTRIBUTES = (RemoveHeadersOnCopy, ); }; };
		F33EC64C25BDE81900B44E1C /* InterfaceController.swift in Sources */ = {isa = PBXBuildFile; fileRef = F33EC64B25BDE81900B44E1C /* InterfaceController.swift */; };
		F33EC64E25BDE81900B44E1C /* ExtensionDelegate.swift in Sources */ = {isa = PBXBuildFile; fileRef = F33EC64D25BDE81900B44E1C /* ExtensionDelegate.swift */; };
		F33EC65025BDE81900B44E1C /* ComplicationController.swift in Sources */ = {isa = PBXBuildFile; fileRef = F33EC64F25BDE81900B44E1C /* ComplicationController.swift */; };
		F33EC65225BDE81A00B44E1C /* Assets.xcassets in Resources */ = {isa = PBXBuildFile; fileRef = F33EC65125BDE81A00B44E1C /* Assets.xcassets */; };
/* End PBXBuildFile section */

/* Begin PBXContainerItemProxy section */
		F33EC63925BDE81800B44E1C /* PBXContainerItemProxy */ = {
			isa = PBXContainerItemProxy;
			containerPortal = F33EC61B25BDE81700B44E1C /* Project object */;
			proxyType = 1;
			remoteGlobalIDString = F33EC63625BDE81800B44E1C;
			remoteInfo = "Project5 WatchKit App";
		};
		F33EC64825BDE81900B44E1C /* PBXContainerItemProxy */ = {
			isa = PBXContainerItemProxy;
			containerPortal = F33EC61B25BDE81700B44E1C /* Project object */;
			proxyType = 1;
			remoteGlobalIDString = F33EC64525BDE81900B44E1C;
			remoteInfo = "Project5 WatchKit Extension";
		};
/* End PBXContainerItemProxy section */

/* Begin PBXCopyFilesBuildPhase section */
		F33EC65925BDE81A00B44E1C /* Embed App Extensions */ = {
			isa = PBXCopyFilesBuildPhase;
			buildActionMask = 2147483647;
			dstPath = "";
			dstSubfolderSpec = 13;
			files = (
				F33EC64725BDE81900B44E1C /* Project5 WatchKit Extension.appex in Embed App Extensions */,
			);
			name = "Embed App Extensions";
			runOnlyForDeploymentPostprocessing = 0;
		};
		F33EC65D25BDE81A00B44E1C /* Embed Watch Content */ = {
			isa = PBXCopyFilesBuildPhase;
			buildActionMask = 2147483647;
			dstPath = "$(CONTENTS_FOLDER_PATH)/Watch";
			dstSubfolderSpec = 16;
			files = (
				F33EC63825BDE81800B44E1C /* Project5 WatchKit App.app in Embed Watch Content */,
			);
			name = "Embed Watch Content";
			runOnlyForDeploymentPostprocessing = 0;
		};
/* End PBXCopyFilesBuildPhase section */

/* Begin PBXFileReference section */
		F33EC62325BDE81700B44E1C /* Project5.app */ = {isa = PBXFileReference; explicitFileType = wrapper.application; includeInIndex = 0; path = Project5.app; sourceTree = BUILT_PRODUCTS_DIR; };
		F33EC62625BDE81700B44E1C /* AppDelegate.swift */ = {isa = PBXFileReference; lastKnownFileType = sourcecode.swift; path = AppDelegate.swift; sourceTree = "<group>"; };
		F33EC62825BDE81700B44E1C /* SceneDelegate.swift */ = {isa = PBXFileReference; lastKnownFileType = sourcecode.swift; path = SceneDelegate.swift; sourceTree = "<group>"; };
		F33EC62A25BDE81700B44E1C /* ViewController.swift */ = {isa = PBXFileReference; lastKnownFileType = sourcecode.swift; path = ViewController.swift; sourceTree = "<group>"; };
		F33EC62D25BDE81700B44E1C /* Base */ = {isa = PBXFileReference; lastKnownFileType = file.storyboard; name = Base; path = Base.lproj/Main.storyboard; sourceTree = "<group>"; };
		F33EC62F25BDE81800B44E1C /* Assets.xcassets */ = {isa = PBXFileReference; lastKnownFileType = folder.assetcatalog; path = Assets.xcassets; sourceTree = "<group>"; };
		F33EC63225BDE81800B44E1C /* Base */ = {isa = PBXFileReference; lastKnownFileType = file.storyboard; name = Base; path = Base.lproj/LaunchScreen.storyboard; sourceTree = "<group>"; };
		F33EC63425BDE81800B44E1C /* Info.plist */ = {isa = PBXFileReference; lastKnownFileType = text.plist.xml; path = Info.plist; sourceTree = "<group>"; };
		F33EC63725BDE81800B44E1C /* Project5 WatchKit App.app */ = {isa = PBXFileReference; explicitFileType = wrapper.application; includeInIndex = 0; path = "Project5 WatchKit App.app"; sourceTree = BUILT_PRODUCTS_DIR; };
		F33EC63D25BDE81800B44E1C /* Base */ = {isa = PBXFileReference; lastKnownFileType = file.storyboard; name = Base; path = Base.lproj/Interface.storyboard; sourceTree = "<group>"; };
		F33EC63F25BDE81900B44E1C /* Assets.xcassets */ = {isa = PBXFileReference; lastKnownFileType = folder.assetcatalog; path = Assets.xcassets; sourceTree = "<group>"; };
		F33EC64125BDE81900B44E1C /* Info.plist */ = {isa = PBXFileReference; lastKnownFileType = text.plist.xml; path = Info.plist; sourceTree = "<group>"; };
		F33EC64625BDE81900B44E1C /* Project5 WatchKit Extension.appex */ = {isa = PBXFileReference; explicitFileType = "wrapper.app-extension"; includeInIndex = 0; path = "Project5 WatchKit Extension.appex"; sourceTree = BUILT_PRODUCTS_DIR; };
		F33EC64B25BDE81900B44E1C /* InterfaceController.swift */ = {isa = PBXFileReference; lastKnownFileType = sourcecode.swift; path = InterfaceController.swift; sourceTree = "<group>"; };
		F33EC64D25BDE81900B44E1C /* ExtensionDelegate.swift */ = {isa = PBXFileReference; lastKnownFileType = sourcecode.swift; path = ExtensionDelegate.swift; sourceTree = "<group>"; };
		F33EC64F25BDE81900B44E1C /* ComplicationController.swift */ = {isa = PBXFileReference; lastKnownFileType = sourcecode.swift; path = ComplicationController.swift; sourceTree = "<group>"; };
		F33EC65125BDE81A00B44E1C /* Assets.xcassets */ = {isa = PBXFileReference; lastKnownFileType = folder.assetcatalog; path = Assets.xcassets; sourceTree = "<group>"; };
		F33EC65325BDE81A00B44E1C /* Info.plist */ = {isa = PBXFileReference; lastKnownFileType = text.plist.xml; path = Info.plist; sourceTree = "<group>"; };
/* End PBXFileReference section */

/* Begin PBXFrameworksBuildPhase section */
		F33EC62025BDE81700B44E1C /* Frameworks */ = {
			isa = PBXFrameworksBuildPhase;
			buildActionMask = 2147483647;
			files = (
			);
			runOnlyForDeploymentPostprocessing = 0;
		};
		F33EC64325BDE81900B44E1C /* Frameworks */ = {
			isa = PBXFrameworksBuildPhase;
			buildActionMask = 2147483647;
			files = (
			);
			runOnlyForDeploymentPostprocessing = 0;
		};
/* End PBXFrameworksBuildPhase section */

/* Begin PBXGroup section */
		F33EC61A25BDE81700B44E1C = {
			isa = PBXGroup;
			children = (
				F33EC62525BDE81700B44E1C /* Project5 */,
				F33EC63B25BDE81800B44E1C /* Project5 WatchKit App */,
				F33EC64A25BDE81900B44E1C /* Project5 WatchKit Extension */,
				F33EC62425BDE81700B44E1C /* Products */,
			);
			sourceTree = "<group>";
		};
		F33EC62425BDE81700B44E1C /* Products */ = {
			isa = PBXGroup;
			children = (
				F33EC62325BDE81700B44E1C /* Project5.app */,
				F33EC63725BDE81800B44E1C /* Project5 WatchKit App.app */,
				F33EC64625BDE81900B44E1C /* Project5 WatchKit Extension.appex */,
			);
			name = Products;
			sourceTree = "<group>";
		};
		F33EC62525BDE81700B44E1C /* Project5 */ = {
			isa = PBXGroup;
			children = (
				F33EC62625BDE81700B44E1C /* AppDelegate.swift */,
				F33EC62825BDE81700B44E1C /* SceneDelegate.swift */,
				F33EC62A25BDE81700B44E1C /* ViewController.swift */,
				F33EC62C25BDE81700B44E1C /* Main.storyboard */,
				F33EC62F25BDE81800B44E1C /* Assets.xcassets */,
				F33EC63125BDE81800B44E1C /* LaunchScreen.storyboard */,
				F33EC63425BDE81800B44E1C /* Info.plist */,
			);
			path = Project5;
			sourceTree = "<group>";
		};
		F33EC63B25BDE81800B44E1C /* Project5 WatchKit App */ = {
			isa = PBXGroup;
			children = (
				F33EC63C25BDE81800B44E1C /* Interface.storyboard */,
				F33EC63F25BDE81900B44E1C /* Assets.xcassets */,
				F33EC64125BDE81900B44E1C /* Info.plist */,
			);
			path = "Project5 WatchKit App";
			sourceTree = "<group>";
		};
		F33EC64A25BDE81900B44E1C /* Project5 WatchKit Extension */ = {
			isa = PBXGroup;
			children = (
				F33EC64B25BDE81900B44E1C /* InterfaceController.swift */,
				F33EC64D25BDE81900B44E1C /* ExtensionDelegate.swift */,
				F33EC64F25BDE81900B44E1C /* ComplicationController.swift */,
				F33EC65125BDE81A00B44E1C /* Assets.xcassets */,
				F33EC65325BDE81A00B44E1C /* Info.plist */,
			);
			path = "Project5 WatchKit Extension";
			sourceTree = "<group>";
		};
/* End PBXGroup section */

/* Begin PBXNativeTarget section */
		F33EC62225BDE81700B44E1C /* Project5 */ = {
			isa = PBXNativeTarget;
			buildConfigurationList = F33EC65E25BDE81A00B44E1C /* Build configuration list for PBXNativeTarget "Project5" */;
			buildPhases = (
				F33EC61F25BDE81700B44E1C /* Sources */,
				F33EC62025BDE81700B44E1C /* Frameworks */,
				F33EC62125BDE81700B44E1C /* Resources */,
				F33EC65D25BDE81A00B44E1C /* Embed Watch Content */,
			);
			buildRules = (
			);
			dependencies = (
				F33EC63A25BDE81800B44E1C /* PBXTargetDependency */,
			);
			name = Project5;
			productName = Project5;
			productReference = F33EC62325BDE81700B44E1C /* Project5.app */;
			productType = "com.apple.product-type.application";
		};
		F33EC63625BDE81800B44E1C /* Project5 WatchKit App */ = {
			isa = PBXNativeTarget;
			buildConfigurationList = F33EC65A25BDE81A00B44E1C /* Build configuration list for PBXNativeTarget "Project5 WatchKit App" */;
			buildPhases = (
				F33EC63525BDE81800B44E1C /* Resources */,
				F33EC65925BDE81A00B44E1C /* Embed App Extensions */,
			);
			buildRules = (
			);
			dependencies = (
				F33EC64925BDE81900B44E1C /* PBXTargetDependency */,
			);
			name = "Project5 WatchKit App";
			productName = "Project5 WatchKit App";
			productReference = F33EC63725BDE81800B44E1C /* Project5 WatchKit App.app */;
			productType = "com.apple.product-type.application.watchapp2";
		};
		F33EC64525BDE81900B44E1C /* Project5 WatchKit Extension */ = {
			isa = PBXNativeTarget;
			buildConfigurationList = F33EC65625BDE81A00B44E1C /* Build configuration list for PBXNativeTarget "Project5 WatchKit Extension" */;
			buildPhases = (
				F33EC64225BDE81900B44E1C /* Sources */,
				F33EC64325BDE81900B44E1C /* Frameworks */,
				F33EC64425BDE81900B44E1C /* Resources */,
			);
			buildRules = (
			);
			dependencies = (
			);
			name = "Project5 WatchKit Extension";
			productName = "Project5 WatchKit Extension";
			productReference = F33EC64625BDE81900B44E1C /* Project5 WatchKit Extension.appex */;
			productType = "com.apple.product-type.watchkit2-extension";
		};
/* End PBXNativeTarget section */

/* Begin PBXProject section */
		F33EC61B25BDE81700B44E1C /* Project object */ = {
			isa = PBXProject;
			attributes = {
				LastSwiftUpdateCheck = 1240;
				LastUpgradeCheck = 1240;
				TargetAttributes = {
					F33EC62225BDE81700B44E1C = {
						CreatedOnToolsVersion = 12.4;
					};
					F33EC63625BDE81800B44E1C = {
						CreatedOnToolsVersion = 12.4;
					};
					F33EC64525BDE81900B44E1C = {
						CreatedOnToolsVersion = 12.4;
					};
				};
			};
			buildConfigurationList = F33EC61E25BDE81700B44E1C /* Build configuration list for PBXProject "Project5" */;
			compatibilityVersion = "Xcode 9.3";
			developmentRegion = en;
			hasScannedForEncodings = 0;
			knownRegions = (
				en,
				Base,
			);
			mainGroup = F33EC61A25BDE81700B44E1C;
			productRefGroup = F33EC62425BDE81700B44E1C /* Products */;
			projectDirPath = "";
			projectRoot = "";
			targets = (
				F33EC62225BDE81700B44E1C /* Project5 */,
				F33EC63625BDE81800B44E1C /* Project5 WatchKit App */,
				F33EC64525BDE81900B44E1C /* Project5 WatchKit Extension */,
			);
		};
/* End PBXProject section */

/* Begin PBXResourcesBuildPhase section */
		F33EC62125BDE81700B44E1C /* Resources */ = {
			isa = PBXResourcesBuildPhase;
			buildActionMask = 2147483647;
			files = (
				F33EC63325BDE81800B44E1C /* LaunchScreen.storyboard in Resources */,
				F33EC63025BDE81800B44E1C /* Assets.xcassets in Resources */,
				F33EC62E25BDE81700B44E1C /* Main.storyboard in Resources */,
			);
			runOnlyForDeploymentPostprocessing = 0;
		};
		F33EC63525BDE81800B44E1C /* Resources */ = {
			isa = PBXResourcesBuildPhase;
			buildActionMask = 2147483647;
			files = (
				F33EC64025BDE81900B44E1C /* Assets.xcassets in Resources */,
				F33EC63E25BDE81800B44E1C /* Interface.storyboard in Resources */,
			);
			runOnlyForDeploymentPostprocessing = 0;
		};
		F33EC64425BDE81900B44E1C /* Resources */ = {
			isa = PBXResourcesBuildPhase;
			buildActionMask = 2147483647;
			files = (
				F33EC65225BDE81A00B44E1C /* Assets.xcassets in Resources */,
			);
			runOnlyForDeploymentPostprocessing = 0;
		};
/* End PBXResourcesBuildPhase section */

/* Begin PBXSourcesBuildPhase section */
		F33EC61F25BDE81700B44E1C /* Sources */ = {
			isa = PBXSourcesBuildPhase;
			buildActionMask = 2147483647;
			files = (
				F33EC62B25BDE81700B44E1C /* ViewController.swift in Sources */,
				F33EC62725BDE81700B44E1C /* AppDelegate.swift in Sources */,
				F33EC62925BDE81700B44E1C /* SceneDelegate.swift in Sources */,
			);
			runOnlyForDeploymentPostprocessing = 0;
		};
		F33EC64225BDE81900B44E1C /* Sources */ = {
			isa = PBXSourcesBuildPhase;
			buildActionMask = 2147483647;
			files = (
				F33EC64E25BDE81900B44E1C /* ExtensionDelegate.swift in Sources */,
				F33EC64C25BDE81900B44E1C /* InterfaceController.swift in Sources */,
				F33EC65025BDE81900B44E1C /* ComplicationController.swift in Sources */,
			);
			runOnlyForDeploymentPostprocessing = 0;
		};
/* End PBXSourcesBuildPhase section */

/* Begin PBXTargetDependency section */
		F33EC63A25BDE81800B44E1C /* PBXTargetDependency */ = {
			isa = PBXTargetDependency;
			target = F33EC63625BDE81800B44E1C /* Project5 WatchKit App */;
			targetProxy = F33EC63925BDE81800B44E1C /* PBXContainerItemProxy */;
		};
		F33EC64925BDE81900B44E1C /* PBXTargetDependency */ = {
			isa = PBXTargetDependency;
			target = F33EC64525BDE81900B44E1C /* Project5 WatchKit Extension */;
			targetProxy = F33EC64825BDE81900B44E1C /* PBXContainerItemProxy */;
		};
/* End PBXTargetDependency section */

/* Begin PBXVariantGroup section */
		F33EC62C25BDE81700B44E1C /* Main.storyboard */ = {
			isa = PBXVariantGroup;
			children = (
				F33EC62D25BDE81700B44E1C /* Base */,
			);
			name = Main.storyboard;
			sourceTree = "<group>";
		};
		F33EC63125BDE81800B44E1C /* LaunchScreen.storyboard */ = {
			isa = PBXVariantGroup;
			children = (
				F33EC63225BDE81800B44E1C /* Base */,
			);
			name = LaunchScreen.storyboard;
			sourceTree = "<group>";
		};
		F33EC63C25BDE81800B44E1C /* Interface.storyboard */ = {
			isa = PBXVariantGroup;
			children = (
				F33EC63D25BDE81800B44E1C /* Base */,
			);
			name = Interface.storyboard;
			sourceTree = "<group>";
		};
/* End PBXVariantGroup section */

/* Begin XCBuildConfiguration section */
		F33EC65425BDE81A00B44E1C /* Debug */ = {
			isa = XCBuildConfiguration;
			buildSettings = {
				ALWAYS_SEARCH_USER_PATHS = NO;
				CLANG_ANALYZER_NONNULL = YES;
				CLANG_ANALYZER_NUMBER_OBJECT_CONVERSION = YES_AGGRESSIVE;
				CLANG_CXX_LANGUAGE_STANDARD = "gnu++14";
				CLANG_CXX_LIBRARY = "libc++";
				CLANG_ENABLE_MODULES = YES;
				CLANG_ENABLE_OBJC_ARC = YES;
				CLANG_ENABLE_OBJC_WEAK = YES;
				CLANG_WARN_BLOCK_CAPTURE_AUTORELEASING = YES;
				CLANG_WARN_BOOL_CONVERSION = YES;
				CLANG_WARN_COMMA = YES;
				CLANG_WARN_CONSTANT_CONVERSION = YES;
				CLANG_WARN_DEPRECATED_OBJC_IMPLEMENTATIONS = YES;
				CLANG_WARN_DIRECT_OBJC_ISA_USAGE = YES_ERROR;
				CLANG_WARN_DOCUMENTATION_COMMENTS = YES;
				CLANG_WARN_EMPTY_BODY = YES;
				CLANG_WARN_ENUM_CONVERSION = YES;
				CLANG_WARN_INFINITE_RECURSION = YES;
				CLANG_WARN_INT_CONVERSION = YES;
				CLANG_WARN_NON_LITERAL_NULL_CONVERSION = YES;
				CLANG_WARN_OBJC_IMPLICIT_RETAIN_SELF = YES;
				CLANG_WARN_OBJC_LITERAL_CONVERSION = YES;
				CLANG_WARN_OBJC_ROOT_CLASS = YES_ERROR;
				CLANG_WARN_QUOTED_INCLUDE_IN_FRAMEWORK_HEADER = YES;
				CLANG_WARN_RANGE_LOOP_ANALYSIS = YES;
				CLANG_WARN_STRICT_PROTOTYPES = YES;
				CLANG_WARN_SUSPICIOUS_MOVE = YES;
				CLANG_WARN_UNGUARDED_AVAILABILITY = YES_AGGRESSIVE;
				CLANG_WARN_UNREACHABLE_CODE = YES;
				CLANG_WARN__DUPLICATE_METHOD_MATCH = YES;
				COPY_PHASE_STRIP = NO;
				DEBUG_INFORMATION_FORMAT = dwarf;
				ENABLE_STRICT_OBJC_MSGSEND = YES;
				ENABLE_TESTABILITY = YES;
				GCC_C_LANGUAGE_STANDARD = gnu11;
				GCC_DYNAMIC_NO_PIC = NO;
				GCC_NO_COMMON_BLOCKS = YES;
				GCC_OPTIMIZATION_LEVEL = 0;
				GCC_PREPROCESSOR_DEFINITIONS = (
					"DEBUG=1",
					"$(inherited)",
				);
				GCC_WARN_64_TO_32_BIT_CONVERSION = YES;
				GCC_WARN_ABOUT_RETURN_TYPE = YES_ERROR;
				GCC_WARN_UNDECLARED_SELECTOR = YES;
				GCC_WARN_UNINITIALIZED_AUTOS = YES_AGGRESSIVE;
				GCC_WARN_UNUSED_FUNCTION = YES;
				GCC_WARN_UNUSED_VARIABLE = YES;
				MTL_ENABLE_DEBUG_INFO = INCLUDE_SOURCE;
				MTL_FAST_MATH = YES;
				ONLY_ACTIVE_ARCH = YES;
				SWIFT_ACTIVE_COMPILATION_CONDITIONS = DEBUG;
				SWIFT_OPTIMIZATION_LEVEL = "-Onone";
			};
			name = Debug;
		};
		F33EC65525BDE81A00B44E1C /* Release */ = {
			isa = XCBuildConfiguration;
			buildSettings = {
				ALWAYS_SEARCH_USER_PATHS = NO;
				CLANG_ANALYZER_NONNULL = YES;
				CLANG_ANALYZER_NUMBER_OBJECT_CONVERSION = YES_AGGRESSIVE;
				CLANG_CXX_LANGUAGE_STANDARD = "gnu++14";
				CLANG_CXX_LIBRARY = "libc++";
				CLANG_ENABLE_MODULES = YES;
				CLANG_ENABLE_OBJC_ARC = YES;
				CLANG_ENABLE_OBJC_WEAK = YES;
				CLANG_WARN_BLOCK_CAPTURE_AUTORELEASING = YES;
				CLANG_WARN_BOOL_CONVERSION = YES;
				CLANG_WARN_COMMA = YES;
				CLANG_WARN_CONSTANT_CONVERSION = YES;
				CLANG_WARN_DEPRECATED_OBJC_IMPLEMENTATIONS = YES;
				CLANG_WARN_DIRECT_OBJC_ISA_USAGE = YES_ERROR;
				CLANG_WARN_DOCUMENTATION_COMMENTS = YES;
				CLANG_WARN_EMPTY_BODY = YES;
				CLANG_WARN_ENUM_CONVERSION = YES;
				CLANG_WARN_INFINITE_RECURSION = YES;
				CLANG_WARN_INT_CONVERSION = YES;
				CLANG_WARN_NON_LITERAL_NULL_CONVERSION = YES;
				CLANG_WARN_OBJC_IMPLICIT_RETAIN_SELF = YES;
				CLANG_WARN_OBJC_LITERAL_CONVERSION = YES;
				CLANG_WARN_OBJC_ROOT_CLASS = YES_ERROR;
				CLANG_WARN_QUOTED_INCLUDE_IN_FRAMEWORK_HEADER = YES;
				CLANG_WARN_RANGE_LOOP_ANALYSIS = YES;
				CLANG_WARN_STRICT_PROTOTYPES = YES;
				CLANG_WARN_SUSPICIOUS_MOVE = YES;
				CLANG_WARN_UNGUARDED_AVAILABILITY = YES_AGGRESSIVE;
				CLANG_WARN_UNREACHABLE_CODE = YES;
				CLANG_WARN__DUPLICATE_METHOD_MATCH = YES;
				COPY_PHASE_STRIP = NO;
				DEBUG_INFORMATION_FORMAT = "dwarf-with-dsym";
				ENABLE_NS_ASSERTIONS = NO;
				ENABLE_STRICT_OBJC_MSGSEND = YES;
				GCC_C_LANGUAGE_STANDARD = gnu11;
				GCC_NO_COMMON_BLOCKS = YES;
				GCC_WARN_64_TO_32_BIT_CONVERSION = YES;
				GCC_WARN_ABOUT_RETURN_TYPE = YES_ERROR;
				GCC_WARN_UNDECLARED_SELECTOR = YES;
				GCC_WARN_UNINITIALIZED_AUTOS = YES_AGGRESSIVE;
				GCC_WARN_UNUSED_FUNCTION = YES;
				GCC_WARN_UNUSED_VARIABLE = YES;
				MTL_ENABLE_DEBUG_INFO = NO;
				MTL_FAST_MATH = YES;
				SWIFT_COMPILATION_MODE = wholemodule;
				SWIFT_OPTIMIZATION_LEVEL = "-O";
			};
			name = Release;
		};
		F33EC65725BDE81A00B44E1C /* Debug */ = {
			isa = XCBuildConfiguration;
			buildSettings = {
				ASSETCATALOG_COMPILER_COMPLICATION_NAME = Complication;
				CODE_SIGN_STYLE = Automatic;
				DEVELOPMENT_TEAM = 6Q9SP4M9H4;
				INFOPLIST_FILE = "Project5 WatchKit Extension/Info.plist";
				LD_RUNPATH_SEARCH_PATHS = (
					"$(inherited)",
					"@executable_path/Frameworks",
					"@executable_path/../../Frameworks",
				);
				PRODUCT_BUNDLE_IDENTIFIER = com.smoothypeter.Project5.watchkitapp.watchkitextension;
				PRODUCT_NAME = "${TARGET_NAME}";
				SDKROOT = watchos;
				SKIP_INSTALL = YES;
				SWIFT_VERSION = 5.0;
				TARGETED_DEVICE_FAMILY = 4;
				WATCHOS_DEPLOYMENT_TARGET = 7.2;
			};
			name = Debug;
		};
		F33EC65825BDE81A00B44E1C /* Release */ = {
			isa = XCBuildConfiguration;
			buildSettings = {
				ASSETCATALOG_COMPILER_COMPLICATION_NAME = Complication;
				CODE_SIGN_STYLE = Automatic;
				DEVELOPMENT_TEAM = 6Q9SP4M9H4;
				INFOPLIST_FILE = "Project5 WatchKit Extension/Info.plist";
				LD_RUNPATH_SEARCH_PATHS = (
					"$(inherited)",
					"@executable_path/Frameworks",
					"@executable_path/../../Frameworks",
				);
				PRODUCT_BUNDLE_IDENTIFIER = com.smoothypeter.Project5.watchkitapp.watchkitextension;
				PRODUCT_NAME = "${TARGET_NAME}";
				SDKROOT = watchos;
				SKIP_INSTALL = YES;
				SWIFT_VERSION = 5.0;
				TARGETED_DEVICE_FAMILY = 4;
				VALIDATE_PRODUCT = YES;
				WATCHOS_DEPLOYMENT_TARGET = 7.2;
			};
			name = Release;
		};
		F33EC65B25BDE81A00B44E1C /* Debug */ = {
			isa = XCBuildConfiguration;
			buildSettings = {
				ALWAYS_EMBED_SWIFT_STANDARD_LIBRARIES = YES;
				ASSETCATALOG_COMPILER_APPICON_NAME = AppIcon;
				ASSETCATALOG_COMPILER_GLOBAL_ACCENT_COLOR_NAME = AccentColor;
				CODE_SIGN_STYLE = Automatic;
				DEVELOPMENT_TEAM = 6Q9SP4M9H4;
				IBSC_MODULE = Project5_WatchKit_Extension;
				INFOPLIST_FILE = "Project5 WatchKit App/Info.plist";
				PRODUCT_BUNDLE_IDENTIFIER = com.smoothypeter.Project5.watchkitapp;
				PRODUCT_NAME = "$(TARGET_NAME)";
				SDKROOT = watchos;
				SKIP_INSTALL = YES;
				SWIFT_VERSION = 5.0;
				TARGETED_DEVICE_FAMILY = 4;
				WATCHOS_DEPLOYMENT_TARGET = 7.2;
			};
			name = Debug;
		};
		F33EC65C25BDE81A00B44E1C /* Release */ = {
			isa = XCBuildConfiguration;
			buildSettings = {
				ALWAYS_EMBED_SWIFT_STANDARD_LIBRARIES = YES;
				ASSETCATALOG_COMPILER_APPICON_NAME = AppIcon;
				ASSETCATALOG_COMPILER_GLOBAL_ACCENT_COLOR_NAME = AccentColor;
				CODE_SIGN_STYLE = Automatic;
				DEVELOPMENT_TEAM = 6Q9SP4M9H4;
				IBSC_MODULE = Project5_WatchKit_Extension;
				INFOPLIST_FILE = "Project5 WatchKit App/Info.plist";
				PRODUCT_BUNDLE_IDENTIFIER = com.smoothypeter.Project5.watchkitapp;
				PRODUCT_NAME = "$(TARGET_NAME)";
				SDKROOT = watchos;
				SKIP_INSTALL = YES;
				SWIFT_VERSION = 5.0;
				TARGETED_DEVICE_FAMILY = 4;
				VALIDATE_PRODUCT = YES;
				WATCHOS_DEPLOYMENT_TARGET = 7.2;
			};
			name = Release;
		};
		F33EC65F25BDE81A00B44E1C /* Debug */ = {
			isa = XCBuildConfiguration;
			buildSettings = {
				ASSETCATALOG_COMPILER_APPICON_NAME = AppIcon;
				ASSETCATALOG_COMPILER_GLOBAL_ACCENT_COLOR_NAME = AccentColor;
				CODE_SIGN_STYLE = Automatic;
				DEVELOPMENT_TEAM = 6Q9SP4M9H4;
				INFOPLIST_FILE = Project5/Info.plist;
				IPHONEOS_DEPLOYMENT_TARGET = 14.4;
				LD_RUNPATH_SEARCH_PATHS = (
					"$(inherited)",
					"@executable_path/Frameworks",
				);
				PRODUCT_BUNDLE_IDENTIFIER = com.smoothypeter.Project5;
				PRODUCT_NAME = "$(TARGET_NAME)";
				SDKROOT = iphoneos;
				SWIFT_VERSION = 5.0;
				TARGETED_DEVICE_FAMILY = "1,2";
			};
			name = Debug;
		};
		F33EC66025BDE81A00B44E1C /* Release */ = {
			isa = XCBuildConfiguration;
			buildSettings = {
				ASSETCATALOG_COMPILER_APPICON_NAME = AppIcon;
				ASSETCATALOG_COMPILER_GLOBAL_ACCENT_COLOR_NAME = AccentColor;
				CODE_SIGN_STYLE = Automatic;
				DEVELOPMENT_TEAM = 6Q9SP4M9H4;
				INFOPLIST_FILE = Project5/Info.plist;
				IPHONEOS_DEPLOYMENT_TARGET = 14.4;
				LD_RUNPATH_SEARCH_PATHS = (
					"$(inherited)",
					"@executable_path/Frameworks",
				);
				PRODUCT_BUNDLE_IDENTIFIER = com.smoothypeter.Project5;
				PRODUCT_NAME = "$(TARGET_NAME)";
				SDKROOT = iphoneos;
				SWIFT_VERSION = 5.0;
				TARGETED_DEVICE_FAMILY = "1,2";
				VALIDATE_PRODUCT = YES;
			};
			name = Release;
		};
/* End XCBuildConfiguration section */

/* Begin XCConfigurationList section */
		F33EC61E25BDE81700B44E1C /* Build configuration list for PBXProject "Project5" */ = {
			isa = XCConfigurationList;
			buildConfigurations = (
				F33EC65425BDE81A00B44E1C /* Debug */,
				F33EC65525BDE81A00B44E1C /* Release */,
			);
			defaultConfigurationIsVisible = 0;
			defaultConfigurationName = Release;
		};
		F33EC65625BDE81A00B44E1C /* Build configuration list for PBXNativeTarget "Project5 WatchKit Extension" */ = {
			isa = XCConfigurationList;
			buildConfigurations = (
				F33EC65725BDE81A00B44E1C /* Debug */,
				F33EC65825BDE81A00B44E1C /* Release */,
			);
			defaultConfigurationIsVisible = 0;
			defaultConfigurationName = Release;
		};
		F33EC65A25BDE81A00B44E1C /* Build configuration list for PBXNativeTarget "Project5 WatchKit App" */ = {
			isa = XCConfigurationList;
			buildConfigurations = (
				F33EC65B25BDE81A00B44E1C /* Debug */,
				F33EC65C25BDE81A00B44E1C /* Release */,
			);
			defaultConfigurationIsVisible = 0;
			defaultConfigurationName = Release;
		};
		F33EC65E25BDE81A00B44E1C /* Build configuration list for PBXNativeTarget "Project5" */ = {
			isa = XCConfigurationList;
			buildConfigurations = (
				F33EC65F25BDE81A00B44E1C /* Debug */,
				F33EC66025BDE81A00B44E1C /* Release */,
			);
			defaultConfigurationIsVisible = 0;
			defaultConfigurationName = Release;
		};
/* End XCConfigurationList section */
	};
	rootObject = F33EC61B25BDE81700B44E1C /* Project object */;
}
